
Microsoft Visual Studio Solution File, Format Version 12.00
# Visual Studio Version 16
VisualStudioVersion = 16.0.29920.165
MinimumVisualStudioVersion = 10.0.40219.1
Project("{8BC9CEB8-8B4A-11D0-8D11-00A0C91BC942}") = "BTL_KTLT", "BTL_KTLT\BTL_KTLT.vcxproj", "{79DD6D58-A16D-41BF-8CC0-2D287AE9431F}"
EndProject
Project("{8BC9CEB8-8B4A-11D0-8D11-00A0C91BC942}") = "Meunu", "Meunu\Meunu.vcxproj", "{844CAF1F-4517-4E71-94B2-AFA20531C308}"
EndProject
Project("{8BC9CEB8-8B4A-11D0-8D11-00A0C91BC942}") = "Tinh_Gt_cu_The", "Project1\Project1.vcxproj", "{265ED50F-A312-4E97-9419-95CCA4D8CF94}"
EndProject
Project("{8BC9CEB8-8B4A-11D0-8D11-00A0C91BC942}") = "Bang_Sai_Phan", "Bang_Sai_Phan\Bang_Sai_Phan.vcxproj", "{536AD4F5-B9EC-434D-B9E5-7047F86A0952}"
EndProject
Project("{8BC9CEB8-8B4A-11D0-8D11-00A0C91BC942}") = "Project2", "Project2\Project2.vcxproj", "{567F5E92-CE9A-4075-A707-FA2903F6FEF7}"
EndProject
Project("{8BC9CEB8-8B4A-11D0-8D11-00A0C91BC942}") = "Noi_suy_nguoc", "Noi_suy_nguoc\Noi_suy_nguoc.vcxproj", "{7C9ADB84-354E-4B47-8198-4359F11C7EC6}"
EndProject
Project("{8BC9CEB8-8B4A-11D0-8D11-00A0C91BC942}") = "Bang_Tien_Lui", "Newton_Tien_Lui\Newton_Tien_Lui.vcxproj", "{07825F8E-DFC4-44E4-9976-D1C930BCF8F3}"
EndProject
Project("{8BC9CEB8-8B4A-11D0-8D11-00A0C91BC942}") = "Main_Ver1", "Main_Ver01\Main_Ver01.vcxproj", "{BC08CE0F-6AA6-478E-BF4C-AF1583B4CCA3}"
EndProject
Project("{8BC9CEB8-8B4A-11D0-8D11-00A0C91BC942}") = "InKQRaFile", "InKQRaFile\InKQRaFile.vcxproj", "{71ACD5AD-4126-45C2-8761-53E39E50E0F9}"
EndProject
Project("{8BC9CEB8-8B4A-11D0-8D11-00A0C91BC942}") = "test1", "test1\test1.vcxproj", "{CF83624D-0047-4122-A0AF-3DBC870325F3}"
EndProject
Project("{8BC9CEB8-8B4A-11D0-8D11-00A0C91BC942}") = "Project3", "Project3\Project3.vcxproj", "{E9BC8423-5354-4A47-8FB5-80AB6A17563F}"
EndProject
Project("{8BC9CEB8-8B4A-11D0-8D11-00A0C91BC942}") = "testRutGon", "testRutGon\testRutGon.vcxproj", "{91162CC0-0377-495E-871E-F3047030EC0F}"
EndProject
Project("{8BC9CEB8-8B4A-11D0-8D11-00A0C91BC942}") = "hoocne test", "hoocne test\hoocne test.vcxproj", "{38874E08-083F-49C2-B4AD-1EC3F5714FB1}"
EndProject
Project("{8BC9CEB8-8B4A-11D0-8D11-00A0C91BC942}") = "hoocne test 2", "hoocne test 2\hoocne test 2.vcxproj", "{5F8BF16C-DFE5-40A5-9D33-A468A20E63E1}"
EndProject
Project("{8BC9CEB8-8B4A-11D0-8D11-00A0C91BC942}") = "Main_Ver2", "Main_Ver_2\Main_Ver_2.vcxproj", "{5805D249-DB2C-475C-A3A0-356394292B08}"
EndProject
Project("{8BC9CEB8-8B4A-11D0-8D11-00A0C91BC942}") = "Main_Ver3", "Main_Ver3\Main_Ver3.vcxproj", "{DBC691CA-95FA-4880-995B-EEFC37E34AFD}"
EndProject
Project("{8BC9CEB8-8B4A-11D0-8D11-00A0C91BC942}") = "test_In_n_SoTP", "test_In_n_SoTP\test_In_n_SoTP.vcxproj", "{7631650E-5EB1-4C0E-911B-EDD75076A192}"
EndProject
Project("{8BC9CEB8-8B4A-11D0-8D11-00A0C91BC942}") = "Main_Ver4", "Main_Ver4\Main_Ver4.vcxproj", "{EEEF5B6A-4DBF-4DBF-B137-C8F9AC0BFCE7}"
EndProject
Project("{8BC9CEB8-8B4A-11D0-8D11-00A0C91BC942}") = "test.Tp", "test.Tp\test.Tp.vcxproj", "{F2D28047-EBEC-49CA-A92E-60F2C4C64D51}"
EndProject
Project("{8BC9CEB8-8B4A-11D0-8D11-00A0C91BC942}") = "Main_Ver5", "Main_Ver5\Main_Ver5.vcxproj", "{CA84F4CF-2F72-44B9-8CAB-4388F50476BD}"
EndProject
Project("{8BC9CEB8-8B4A-11D0-8D11-00A0C91BC942}") = "Main_Ver6", "Main_Ver6\Main_Ver6.vcxproj", "{136C2631-0919-4944-B5D6-9008F4308EC3}"
EndProject
Global
	GlobalSection(SolutionConfigurationPlatforms) = preSolution
		Debug|x64 = Debug|x64
		Debug|x86 = Debug|x86
		Release|x64 = Release|x64
		Release|x86 = Release|x86
	EndGlobalSection
	GlobalSection(ProjectConfigurationPlatforms) = postSolution
		{79DD6D58-A16D-41BF-8CC0-2D287AE9431F}.Debug|x64.ActiveCfg = Debug|x64
		{79DD6D58-A16D-41BF-8CC0-2D287AE9431F}.Debug|x64.Build.0 = Debug|x64
		{79DD6D58-A16D-41BF-8CC0-2D287AE9431F}.Debug|x86.ActiveCfg = Debug|Win32
		{79DD6D58-A16D-41BF-8CC0-2D287AE9431F}.Debug|x86.Build.0 = Debug|Win32
		{79DD6D58-A16D-41BF-8CC0-2D287AE9431F}.Release|x64.ActiveCfg = Release|x64
		{79DD6D58-A16D-41BF-8CC0-2D287AE9431F}.Release|x64.Build.0 = Release|x64
		{79DD6D58-A16D-41BF-8CC0-2D287AE9431F}.Release|x86.ActiveCfg = Release|Win32
		{79DD6D58-A16D-41BF-8CC0-2D287AE9431F}.Release|x86.Build.0 = Release|Win32
		{844CAF1F-4517-4E71-94B2-AFA20531C308}.Debug|x64.ActiveCfg = Debug|x64
		{844CAF1F-4517-4E71-94B2-AFA20531C308}.Debug|x64.Build.0 = Debug|x64
		{844CAF1F-4517-4E71-94B2-AFA20531C308}.Debug|x86.ActiveCfg = Debug|Win32
		{844CAF1F-4517-4E71-94B2-AFA20531C308}.Debug|x86.Build.0 = Debug|Win32
		{844CAF1F-4517-4E71-94B2-AFA20531C308}.Release|x64.ActiveCfg = Release|x64
		{844CAF1F-4517-4E71-94B2-AFA20531C308}.Release|x64.Build.0 = Release|x64
		{844CAF1F-4517-4E71-94B2-AFA20531C308}.Release|x86.ActiveCfg = Release|Win32
		{844CAF1F-4517-4E71-94B2-AFA20531C308}.Release|x86.Build.0 = Release|Win32
		{265ED50F-A312-4E97-9419-95CCA4D8CF94}.Debug|x64.ActiveCfg = Debug|x64
		{265ED50F-A312-4E97-9419-95CCA4D8CF94}.Debug|x64.Build.0 = Debug|x64
		{265ED50F-A312-4E97-9419-95CCA4D8CF94}.Debug|x86.ActiveCfg = Debug|Win32
		{265ED50F-A312-4E97-9419-95CCA4D8CF94}.Debug|x86.Build.0 = Debug|Win32
		{265ED50F-A312-4E97-9419-95CCA4D8CF94}.Release|x64.ActiveCfg = Release|x64
		{265ED50F-A312-4E97-9419-95CCA4D8CF94}.Release|x64.Build.0 = Release|x64
		{265ED50F-A312-4E97-9419-95CCA4D8CF94}.Release|x86.ActiveCfg = Release|Win32
		{265ED50F-A312-4E97-9419-95CCA4D8CF94}.Release|x86.Build.0 = Release|Win32
		{536AD4F5-B9EC-434D-B9E5-7047F86A0952}.Debug|x64.ActiveCfg = Debug|x64
		{536AD4F5-B9EC-434D-B9E5-7047F86A0952}.Debug|x64.Build.0 = Debug|x64
		{536AD4F5-B9EC-434D-B9E5-7047F86A0952}.Debug|x86.ActiveCfg = Debug|Win32
		{536AD4F5-B9EC-434D-B9E5-7047F86A0952}.Debug|x86.Build.0 = Debug|Win32
		{536AD4F5-B9EC-434D-B9E5-7047F86A0952}.Release|x64.ActiveCfg = Release|x64
		{536AD4F5-B9EC-434D-B9E5-7047F86A0952}.Release|x64.Build.0 = Release|x64
		{536AD4F5-B9EC-434D-B9E5-7047F86A0952}.Release|x86.ActiveCfg = Release|Win32
		{536AD4F5-B9EC-434D-B9E5-7047F86A0952}.Release|x86.Build.0 = Release|Win32
		{567F5E92-CE9A-4075-A707-FA2903F6FEF7}.Debug|x64.ActiveCfg = Debug|x64
		{567F5E92-CE9A-4075-A707-FA2903F6FEF7}.Debug|x64.Build.0 = Debug|x64
		{567F5E92-CE9A-4075-A707-FA2903F6FEF7}.Debug|x86.ActiveCfg = Debug|Win32
		{567F5E92-CE9A-4075-A707-FA2903F6FEF7}.Debug|x86.Build.0 = Debug|Win32
		{567F5E92-CE9A-4075-A707-FA2903F6FEF7}.Release|x64.ActiveCfg = Release|x64
		{567F5E92-CE9A-4075-A707-FA2903F6FEF7}.Release|x64.Build.0 = Release|x64
		{567F5E92-CE9A-4075-A707-FA2903F6FEF7}.Release|x86.ActiveCfg = Release|Win32
		{567F5E92-CE9A-4075-A707-FA2903F6FEF7}.Release|x86.Build.0 = Release|Win32
		{7C9ADB84-354E-4B47-8198-4359F11C7EC6}.Debug|x64.ActiveCfg = Debug|x64
		{7C9ADB84-354E-4B47-8198-4359F11C7EC6}.Debug|x64.Build.0 = Debug|x64
		{7C9ADB84-354E-4B47-8198-4359F11C7EC6}.Debug|x86.ActiveCfg = Debug|Win32
		{7C9ADB84-354E-4B47-8198-4359F11C7EC6}.Debug|x86.Build.0 = Debug|Win32
		{7C9ADB84-354E-4B47-8198-4359F11C7EC6}.Release|x64.ActiveCfg = Release|x64
		{7C9ADB84-354E-4B47-8198-4359F11C7EC6}.Release|x64.Build.0 = Release|x64
		{7C9ADB84-354E-4B47-8198-4359F11C7EC6}.Release|x86.ActiveCfg = Release|Win32
		{7C9ADB84-354E-4B47-8198-4359F11C7EC6}.Release|x86.Build.0 = Release|Win32
		{07825F8E-DFC4-44E4-9976-D1C930BCF8F3}.Debug|x64.ActiveCfg = Debug|x64
		{07825F8E-DFC4-44E4-9976-D1C930BCF8F3}.Debug|x64.Build.0 = Debug|x64
		{07825F8E-DFC4-44E4-9976-D1C930BCF8F3}.Debug|x86.ActiveCfg = Debug|Win32
		{07825F8E-DFC4-44E4-9976-D1C930BCF8F3}.Debug|x86.Build.0 = Debug|Win32
		{07825F8E-DFC4-44E4-9976-D1C930BCF8F3}.Release|x64.ActiveCfg = Release|x64
		{07825F8E-DFC4-44E4-9976-D1C930BCF8F3}.Release|x64.Build.0 = Release|x64
		{07825F8E-DFC4-44E4-9976-D1C930BCF8F3}.Release|x86.ActiveCfg = Release|Win32
		{07825F8E-DFC4-44E4-9976-D1C930BCF8F3}.Release|x86.Build.0 = Release|Win32
		{BC08CE0F-6AA6-478E-BF4C-AF1583B4CCA3}.Debug|x64.ActiveCfg = Debug|x64
		{BC08CE0F-6AA6-478E-BF4C-AF1583B4CCA3}.Debug|x64.Build.0 = Debug|x64
		{BC08CE0F-6AA6-478E-BF4C-AF1583B4CCA3}.Debug|x86.ActiveCfg = Debug|Win32
		{BC08CE0F-6AA6-478E-BF4C-AF1583B4CCA3}.Debug|x86.Build.0 = Debug|Win32
		{BC08CE0F-6AA6-478E-BF4C-AF1583B4CCA3}.Release|x64.ActiveCfg = Release|x64
		{BC08CE0F-6AA6-478E-BF4C-AF1583B4CCA3}.Release|x64.Build.0 = Release|x64
		{BC08CE0F-6AA6-478E-BF4C-AF1583B4CCA3}.Release|x86.ActiveCfg = Release|Win32
		{BC08CE0F-6AA6-478E-BF4C-AF1583B4CCA3}.Release|x86.Build.0 = Release|Win32
		{71ACD5AD-4126-45C2-8761-53E39E50E0F9}.Debug|x64.ActiveCfg = Debug|x64
		{71ACD5AD-4126-45C2-8761-53E39E50E0F9}.Debug|x64.Build.0 = Debug|x64
		{71ACD5AD-4126-45C2-8761-53E39E50E0F9}.Debug|x86.ActiveCfg = Debug|Win32
		{71ACD5AD-4126-45C2-8761-53E39E50E0F9}.Debug|x86.Build.0 = Debug|Win32
		{71ACD5AD-4126-45C2-8761-53E39E50E0F9}.Release|x64.ActiveCfg = Release|x64
		{71ACD5AD-4126-45C2-8761-53E39E50E0F9}.Release|x64.Build.0 = Release|x64
		{71ACD5AD-4126-45C2-8761-53E39E50E0F9}.Release|x86.ActiveCfg = Release|Win32
		{71ACD5AD-4126-45C2-8761-53E39E50E0F9}.Release|x86.Build.0 = Release|Win32
		{CF83624D-0047-4122-A0AF-3DBC870325F3}.Debug|x64.ActiveCfg = Debug|x64
		{CF83624D-0047-4122-A0AF-3DBC870325F3}.Debug|x64.Build.0 = Debug|x64
		{CF83624D-0047-4122-A0AF-3DBC870325F3}.Debug|x86.ActiveCfg = Debug|Win32
		{CF83624D-0047-4122-A0AF-3DBC870325F3}.Debug|x86.Build.0 = Debug|Win32
		{CF83624D-0047-4122-A0AF-3DBC870325F3}.Release|x64.ActiveCfg = Release|x64
		{CF83624D-0047-4122-A0AF-3DBC870325F3}.Release|x64.Build.0 = Release|x64
		{CF83624D-0047-4122-A0AF-3DBC870325F3}.Release|x86.ActiveCfg = Release|Win32
		{CF83624D-0047-4122-A0AF-3DBC870325F3}.Release|x86.Build.0 = Release|Win32
		{E9BC8423-5354-4A47-8FB5-80AB6A17563F}.Debug|x64.ActiveCfg = Debug|x64
		{E9BC8423-5354-4A47-8FB5-80AB6A17563F}.Debug|x64.Build.0 = Debug|x64
		{E9BC8423-5354-4A47-8FB5-80AB6A17563F}.Debug|x86.ActiveCfg = Debug|Win32
		{E9BC8423-5354-4A47-8FB5-80AB6A17563F}.Debug|x86.Build.0 = Debug|Win32
		{E9BC8423-5354-4A47-8FB5-80AB6A17563F}.Release|x64.ActiveCfg = Release|x64
		{E9BC8423-5354-4A47-8FB5-80AB6A17563F}.Release|x64.Build.0 = Release|x64
		{E9BC8423-5354-4A47-8FB5-80AB6A17563F}.Release|x86.ActiveCfg = Release|Win32
		{E9BC8423-5354-4A47-8FB5-80AB6A17563F}.Release|x86.Build.0 = Release|Win32
		{91162CC0-0377-495E-871E-F3047030EC0F}.Debug|x64.ActiveCfg = Debug|x64
		{91162CC0-0377-495E-871E-F3047030EC0F}.Debug|x64.Build.0 = Debug|x64
		{91162CC0-0377-495E-871E-F3047030EC0F}.Debug|x86.ActiveCfg = Debug|Win32
		{91162CC0-0377-495E-871E-F3047030EC0F}.Debug|x86.Build.0 = Debug|Win32
		{91162CC0-0377-495E-871E-F3047030EC0F}.Release|x64.ActiveCfg = Release|x64
		{91162CC0-0377-495E-871E-F3047030EC0F}.Release|x64.Build.0 = Release|x64
		{91162CC0-0377-495E-871E-F3047030EC0F}.Release|x86.ActiveCfg = Release|Win32
		{91162CC0-0377-495E-871E-F3047030EC0F}.Release|x86.Build.0 = Release|Win32
		{38874E08-083F-49C2-B4AD-1EC3F5714FB1}.Debug|x64.ActiveCfg = Debug|x64
		{38874E08-083F-49C2-B4AD-1EC3F5714FB1}.Debug|x64.Build.0 = Debug|x64
		{38874E08-083F-49C2-B4AD-1EC3F5714FB1}.Debug|x86.ActiveCfg = Debug|Win32
		{38874E08-083F-49C2-B4AD-1EC3F5714FB1}.Debug|x86.Build.0 = Debug|Win32
		{38874E08-083F-49C2-B4AD-1EC3F5714FB1}.Release|x64.ActiveCfg = Release|x64
		{38874E08-083F-49C2-B4AD-1EC3F5714FB1}.Release|x64.Build.0 = Release|x64
		{38874E08-083F-49C2-B4AD-1EC3F5714FB1}.Release|x86.ActiveCfg = Release|Win32
		{38874E08-083F-49C2-B4AD-1EC3F5714FB1}.Release|x86.Build.0 = Release|Win32
		{5F8BF16C-DFE5-40A5-9D33-A468A20E63E1}.Debug|x64.ActiveCfg = Debug|x64
		{5F8BF16C-DFE5-40A5-9D33-A468A20E63E1}.Debug|x64.Build.0 = Debug|x64
		{5F8BF16C-DFE5-40A5-9D33-A468A20E63E1}.Debug|x86.ActiveCfg = Debug|Win32
		{5F8BF16C-DFE5-40A5-9D33-A468A20E63E1}.Debug|x86.Build.0 = Debug|Win32
		{5F8BF16C-DFE5-40A5-9D33-A468A20E63E1}.Release|x64.ActiveCfg = Release|x64
		{5F8BF16C-DFE5-40A5-9D33-A468A20E63E1}.Release|x64.Build.0 = Release|x64
		{5F8BF16C-DFE5-40A5-9D33-A468A20E63E1}.Release|x86.ActiveCfg = Release|Win32
		{5F8BF16C-DFE5-40A5-9D33-A468A20E63E1}.Release|x86.Build.0 = Release|Win32
		{5805D249-DB2C-475C-A3A0-356394292B08}.Debug|x64.ActiveCfg = Debug|x64
		{5805D249-DB2C-475C-A3A0-356394292B08}.Debug|x64.Build.0 = Debug|x64
		{5805D249-DB2C-475C-A3A0-356394292B08}.Debug|x86.ActiveCfg = Debug|Win32
		{5805D249-DB2C-475C-A3A0-356394292B08}.Debug|x86.Build.0 = Debug|Win32
		{5805D249-DB2C-475C-A3A0-356394292B08}.Release|x64.ActiveCfg = Release|x64
		{5805D249-DB2C-475C-A3A0-356394292B08}.Release|x64.Build.0 = Release|x64
		{5805D249-DB2C-475C-A3A0-356394292B08}.Release|x86.ActiveCfg = Release|Win32
		{5805D249-DB2C-475C-A3A0-356394292B08}.Release|x86.Build.0 = Release|Win32
		{DBC691CA-95FA-4880-995B-EEFC37E34AFD}.Debug|x64.ActiveCfg = Debug|x64
		{DBC691CA-95FA-4880-995B-EEFC37E34AFD}.Debug|x64.Build.0 = Debug|x64
		{DBC691CA-95FA-4880-995B-EEFC37E34AFD}.Debug|x86.ActiveCfg = Debug|Win32
		{DBC691CA-95FA-4880-995B-EEFC37E34AFD}.Debug|x86.Build.0 = Debug|Win32
		{DBC691CA-95FA-4880-995B-EEFC37E34AFD}.Release|x64.ActiveCfg = Release|x64
		{DBC691CA-95FA-4880-995B-EEFC37E34AFD}.Release|x64.Build.0 = Release|x64
		{DBC691CA-95FA-4880-995B-EEFC37E34AFD}.Release|x86.ActiveCfg = Release|Win32
		{DBC691CA-95FA-4880-995B-EEFC37E34AFD}.Release|x86.Build.0 = Release|Win32
		{7631650E-5EB1-4C0E-911B-EDD75076A192}.Debug|x64.ActiveCfg = Debug|x64
		{7631650E-5EB1-4C0E-911B-EDD75076A192}.Debug|x64.Build.0 = Debug|x64
		{7631650E-5EB1-4C0E-911B-EDD75076A192}.Debug|x86.ActiveCfg = Debug|Win32
		{7631650E-5EB1-4C0E-911B-EDD75076A192}.Debug|x86.Build.0 = Debug|Win32
		{7631650E-5EB1-4C0E-911B-EDD75076A192}.Release|x64.ActiveCfg = Release|x64
		{7631650E-5EB1-4C0E-911B-EDD75076A192}.Release|x64.Build.0 = Release|x64
		{7631650E-5EB1-4C0E-911B-EDD75076A192}.Release|x86.ActiveCfg = Release|Win32
		{7631650E-5EB1-4C0E-911B-EDD75076A192}.Release|x86.Build.0 = Release|Win32
		{EEEF5B6A-4DBF-4DBF-B137-C8F9AC0BFCE7}.Debug|x64.ActiveCfg = Debug|x64
		{EEEF5B6A-4DBF-4DBF-B137-C8F9AC0BFCE7}.Debug|x64.Build.0 = Debug|x64
		{EEEF5B6A-4DBF-4DBF-B137-C8F9AC0BFCE7}.Debug|x86.ActiveCfg = Debug|Win32
		{EEEF5B6A-4DBF-4DBF-B137-C8F9AC0BFCE7}.Debug|x86.Build.0 = Debug|Win32
		{EEEF5B6A-4DBF-4DBF-B137-C8F9AC0BFCE7}.Release|x64.ActiveCfg = Release|x64
		{EEEF5B6A-4DBF-4DBF-B137-C8F9AC0BFCE7}.Release|x64.Build.0 = Release|x64
		{EEEF5B6A-4DBF-4DBF-B137-C8F9AC0BFCE7}.Release|x86.ActiveCfg = Release|Win32
		{EEEF5B6A-4DBF-4DBF-B137-C8F9AC0BFCE7}.Release|x86.Build.0 = Release|Win32
		{F2D28047-EBEC-49CA-A92E-60F2C4C64D51}.Debug|x64.ActiveCfg = Debug|x64
		{F2D28047-EBEC-49CA-A92E-60F2C4C64D51}.Debug|x64.Build.0 = Debug|x64
		{F2D28047-EBEC-49CA-A92E-60F2C4C64D51}.Debug|x86.ActiveCfg = Debug|Win32
		{F2D28047-EBEC-49CA-A92E-60F2C4C64D51}.Debug|x86.Build.0 = Debug|Win32
		{F2D28047-EBEC-49CA-A92E-60F2C4C64D51}.Release|x64.ActiveCfg = Release|x64
		{F2D28047-EBEC-49CA-A92E-60F2C4C64D51}.Release|x64.Build.0 = Release|x64
		{F2D28047-EBEC-49CA-A92E-60F2C4C64D51}.Release|x86.ActiveCfg = Release|Win32
		{F2D28047-EBEC-49CA-A92E-60F2C4C64D51}.Release|x86.Build.0 = Release|Win32
		{CA84F4CF-2F72-44B9-8CAB-4388F50476BD}.Debug|x64.ActiveCfg = Debug|x64
		{CA84F4CF-2F72-44B9-8CAB-4388F50476BD}.Debug|x64.Build.0 = Debug|x64
		{CA84F4CF-2F72-44B9-8CAB-4388F50476BD}.Debug|x86.ActiveCfg = Debug|Win32
		{CA84F4CF-2F72-44B9-8CAB-4388F50476BD}.Debug|x86.Build.0 = Debug|Win32
		{CA84F4CF-2F72-44B9-8CAB-4388F50476BD}.Release|x64.ActiveCfg = Release|x64
		{CA84F4CF-2F72-44B9-8CAB-4388F50476BD}.Release|x64.Build.0 = Release|x64
		{CA84F4CF-2F72-44B9-8CAB-4388F50476BD}.Release|x86.ActiveCfg = Release|Win32
		{CA84F4CF-2F72-44B9-8CAB-4388F50476BD}.Release|x86.Build.0 = Release|Win32
		{136C2631-0919-4944-B5D6-9008F4308EC3}.Debug|x64.ActiveCfg = Debug|x64
		{136C2631-0919-4944-B5D6-9008F4308EC3}.Debug|x64.Build.0 = Debug|x64
		{136C2631-0919-4944-B5D6-9008F4308EC3}.Debug|x86.ActiveCfg = Debug|Win32
		{136C2631-0919-4944-B5D6-9008F4308EC3}.Debug|x86.Build.0 = Debug|Win32
		{136C2631-0919-4944-B5D6-9008F4308EC3}.Release|x64.ActiveCfg = Release|x64
		{136C2631-0919-4944-B5D6-9008F4308EC3}.Release|x64.Build.0 = Release|x64
		{136C2631-0919-4944-B5D6-9008F4308EC3}.Release|x86.ActiveCfg = Release|Win32
		{136C2631-0919-4944-B5D6-9008F4308EC3}.Release|x86.Build.0 = Release|Win32
	EndGlobalSection
	GlobalSection(SolutionProperties) = preSolution
		HideSolutionNode = FALSE
	EndGlobalSection
	GlobalSection(ExtensibilityGlobals) = postSolution
		SolutionGuid = {92C175E8-5AC7-4B14-B422-93F7156F6A9B}
	EndGlobalSection
EndGlobal
