
Microsoft Visual Studio Solution File, Format Version 12.00
# Visual Studio Version 16
VisualStudioVersion = 16.0.29920.165
MinimumVisualStudioVersion = 10.0.40219.1
Project("{8BC9CEB8-8B4A-11D0-8D11-00A0C91BC942}") = "LearnC", "LearnC\LearnC.vcxproj", "{5B080284-F720-4FF6-9C2C-E77B455C051A}"
EndProject
Project("{8BC9CEB8-8B4A-11D0-8D11-00A0C91BC942}") = "Project2", "F:\Lập trình\C\Project2\Project2.vcxproj", "{017D7125-E7B1-4EBE-BC8D-26C43FB46E80}"
EndProject
Project("{8BC9CEB8-8B4A-11D0-8D11-00A0C91BC942}") = "Project1", "Project1\Project1.vcxproj", "{AEC1082F-538C-4E86-97F4-7FB68D3986F2}"
EndProject
Project("{8BC9CEB8-8B4A-11D0-8D11-00A0C91BC942}") = "Project3", "Project3\Project3.vcxproj", "{78917CCE-0554-4332-9FB7-DB2D2B19500C}"
EndProject
Project("{8BC9CEB8-8B4A-11D0-8D11-00A0C91BC942}") = "Project4", "Project4\Project4.vcxproj", "{4D84E055-E06D-4887-B537-2FA70E3BD7BE}"
EndProject
Project("{8BC9CEB8-8B4A-11D0-8D11-00A0C91BC942}") = "Project5", "Project5\Project5.vcxproj", "{3C5BB42F-E2EB-4CB8-B015-CE4DB5324065}"
EndProject
Project("{8BC9CEB8-8B4A-11D0-8D11-00A0C91BC942}") = "Project6", "Project6\Project6.vcxproj", "{D81FDDB6-3401-4702-88E1-3345FEDDBBB4}"
EndProject
Project("{8BC9CEB8-8B4A-11D0-8D11-00A0C91BC942}") = "Project7", "Project7\Project7.vcxproj", "{7158E86B-31CD-437C-B74D-A14FCC696488}"
EndProject
Project("{8BC9CEB8-8B4A-11D0-8D11-00A0C91BC942}") = "Project8", "Project8\Project8.vcxproj", "{1C9869D4-E91D-44E7-A41F-CAA5C631CFE4}"
EndProject
Project("{8BC9CEB8-8B4A-11D0-8D11-00A0C91BC942}") = "Project9", "Project9\Project9.vcxproj", "{64986301-E442-43CE-8180-8E9D809D8459}"
EndProject
Project("{8BC9CEB8-8B4A-11D0-8D11-00A0C91BC942}") = "Project10", "Project10\Project10.vcxproj", "{63AB70BB-ABDA-46CF-B23A-9904211CC241}"
EndProject
Project("{8BC9CEB8-8B4A-11D0-8D11-00A0C91BC942}") = "Project11", "Project11\Project11.vcxproj", "{B8956D1D-5DB9-4147-9E3A-17C3AC3BF678}"
EndProject
Project("{8BC9CEB8-8B4A-11D0-8D11-00A0C91BC942}") = "Project12", "Project12\Project12.vcxproj", "{A65C4523-24F3-4EC4-8ECA-6F9F862CBB3A}"
EndProject
Project("{8BC9CEB8-8B4A-11D0-8D11-00A0C91BC942}") = "Project13", "Project13\Project13.vcxproj", "{AA10A4F7-18AB-4BE0-AE32-37E12939EAD8}"
EndProject
Project("{8BC9CEB8-8B4A-11D0-8D11-00A0C91BC942}") = "Project14", "Project14\Project14.vcxproj", "{584C351B-EA03-4E36-80B8-A4AD603576C8}"
EndProject
Project("{8BC9CEB8-8B4A-11D0-8D11-00A0C91BC942}") = "Project15", "Project15\Project15.vcxproj", "{B4804115-7593-47F3-A69E-7A139AE7AA38}"
EndProject
Project("{8BC9CEB8-8B4A-11D0-8D11-00A0C91BC942}") = "Project16", "Project16\Project16.vcxproj", "{1A936E2D-B32B-4406-85E9-02AF344B4444}"
EndProject
Project("{8BC9CEB8-8B4A-11D0-8D11-00A0C91BC942}") = "Project17", "Project17\Project17.vcxproj", "{B2415184-E945-4318-91F4-EDB99B69F941}"
EndProject
Project("{8BC9CEB8-8B4A-11D0-8D11-00A0C91BC942}") = "Project18", "Project18\Project18.vcxproj", "{D207545C-BD74-47E5-9386-1DA413313457}"
EndProject
Project("{8BC9CEB8-8B4A-11D0-8D11-00A0C91BC942}") = "Project19", "Project19\Project19.vcxproj", "{54B3F1B7-7C76-4A06-AE56-6171967CC4D6}"
EndProject
Project("{8BC9CEB8-8B4A-11D0-8D11-00A0C91BC942}") = "Project20", "Project20\Project20.vcxproj", "{2DE4CC7D-D9B4-429F-AF57-4CE0E960862D}"
EndProject
Project("{8BC9CEB8-8B4A-11D0-8D11-00A0C91BC942}") = "Project21", "Project21\Project21.vcxproj", "{6284341B-BC71-495F-A5CD-DE1D54E5DF78}"
EndProject
Project("{8BC9CEB8-8B4A-11D0-8D11-00A0C91BC942}") = "Project22", "Project22\Project22.vcxproj", "{91489D66-01DE-4DFF-8D24-8720FB73CF1E}"
EndProject
Project("{8BC9CEB8-8B4A-11D0-8D11-00A0C91BC942}") = "Project23", "Project23\Project23.vcxproj", "{90ACEA1D-4202-4C02-BBC3-3AF890FE8705}"
EndProject
Project("{8BC9CEB8-8B4A-11D0-8D11-00A0C91BC942}") = "Project24", "Project24\Project24.vcxproj", "{CA77DCDA-54E6-4810-994E-369276F9E88E}"
EndProject
Project("{8BC9CEB8-8B4A-11D0-8D11-00A0C91BC942}") = "Project25", "Project25\Project25.vcxproj", "{C741B361-85A3-43FB-B7F6-A02110705FCE}"
EndProject
Project("{8BC9CEB8-8B4A-11D0-8D11-00A0C91BC942}") = "Project26", "Project26\Project26.vcxproj", "{BBDD3223-DC05-4D56-9A89-4BB72253F64B}"
EndProject
Project("{8BC9CEB8-8B4A-11D0-8D11-00A0C91BC942}") = "Project27", "Project27\Project27.vcxproj", "{DF3EE80B-17F9-448F-8205-8D1417DF9F88}"
EndProject
Project("{8BC9CEB8-8B4A-11D0-8D11-00A0C91BC942}") = "Project28", "Project28\Project28.vcxproj", "{CDC06AE2-7DB7-4EFE-BE6B-2B6185E92B52}"
EndProject
Project("{8BC9CEB8-8B4A-11D0-8D11-00A0C91BC942}") = "Project29", "Project29\Project29.vcxproj", "{EC56E2C7-CB98-44B4-B1EF-C4FB784022D8}"
EndProject
Project("{8BC9CEB8-8B4A-11D0-8D11-00A0C91BC942}") = "Project30", "Project30\Project30.vcxproj", "{7909F8E0-B62D-47F6-B3FE-F9FBC01A0F0B}"
EndProject
Project("{8BC9CEB8-8B4A-11D0-8D11-00A0C91BC942}") = "Project31", "Project31\Project31.vcxproj", "{939818B0-3DC1-4419-8F9E-D467955571F7}"
EndProject
Project("{8BC9CEB8-8B4A-11D0-8D11-00A0C91BC942}") = "Project32", "Project32\Project32.vcxproj", "{6C81549F-EDFC-4AD0-BEEC-C4BCF7A4D129}"
EndProject
Project("{8BC9CEB8-8B4A-11D0-8D11-00A0C91BC942}") = "Project33", "Project33\Project33.vcxproj", "{06D34E37-79EC-4149-B548-6087ED5C0B5F}"
EndProject
Project("{8BC9CEB8-8B4A-11D0-8D11-00A0C91BC942}") = "Project34", "Project34\Project34.vcxproj", "{034BFF39-4C39-49B2-9CE1-D8DFF666AB17}"
EndProject
Project("{8BC9CEB8-8B4A-11D0-8D11-00A0C91BC942}") = "Project35", "Project35\Project35.vcxproj", "{FD3B3B42-0F7B-4B21-882B-584A10AD5A31}"
EndProject
Project("{8BC9CEB8-8B4A-11D0-8D11-00A0C91BC942}") = "Project36", "Project36\Project36.vcxproj", "{D0272E79-AA26-4184-9E62-074F26E20683}"
EndProject
Project("{8BC9CEB8-8B4A-11D0-8D11-00A0C91BC942}") = "Project37", "Project37\Project37.vcxproj", "{A84D8C63-DF8C-4F0B-A101-FC68D4158397}"
EndProject
Project("{8BC9CEB8-8B4A-11D0-8D11-00A0C91BC942}") = "Project38", "Project38\Project38.vcxproj", "{8A9BC4C7-3F39-47D5-B90D-69156AE37F58}"
EndProject
Project("{8BC9CEB8-8B4A-11D0-8D11-00A0C91BC942}") = "Project39", "Project39\Project39.vcxproj", "{91BA907E-4AD3-4CD8-9A29-E674EF69E9CA}"
EndProject
Project("{8BC9CEB8-8B4A-11D0-8D11-00A0C91BC942}") = "Project40", "Project40\Project40.vcxproj", "{874C319B-9D23-4B30-AF2C-5D020DDD48D1}"
EndProject
Project("{8BC9CEB8-8B4A-11D0-8D11-00A0C91BC942}") = "Project41", "Project41\Project41.vcxproj", "{0AB2041A-1FC7-4991-A5C3-910A134471DF}"
EndProject
Project("{8BC9CEB8-8B4A-11D0-8D11-00A0C91BC942}") = "Project42", "Project42\Project42.vcxproj", "{66FE4167-FFAC-4EDC-8CAA-3BED5E50C170}"
EndProject
Project("{8BC9CEB8-8B4A-11D0-8D11-00A0C91BC942}") = "Project43", "Project43\Project43.vcxproj", "{2B64C1C6-FC36-4EC3-B756-0AF87FE5C861}"
EndProject
Project("{8BC9CEB8-8B4A-11D0-8D11-00A0C91BC942}") = "C02.01", "C02.01\C02.01.vcxproj", "{AD083D39-6052-4115-B77A-2A9EB67E2E3F}"
EndProject
Project("{8BC9CEB8-8B4A-11D0-8D11-00A0C91BC942}") = "C04.01", "Project44\Project44.vcxproj", "{9B6D01CB-4D0C-4332-9BA0-ADE80970FC87}"
EndProject
Project("{8BC9CEB8-8B4A-11D0-8D11-00A0C91BC942}") = "Project45", "Project45\Project45.vcxproj", "{7E3C7E84-BB96-4580-BB16-8FE7D5C75725}"
EndProject
Project("{8BC9CEB8-8B4A-11D0-8D11-00A0C91BC942}") = "Project46", "Project46\Project46.vcxproj", "{5E323CF7-78D9-49A9-B671-0373DF70E489}"
EndProject
Project("{2150E333-8FDC-42A3-9474-1A3956D46DE8}") = "NewFolder1", "NewFolder1", "{91E502BF-7B49-43DE-8238-74CDE2859270}"
EndProject
Project("{8BC9CEB8-8B4A-11D0-8D11-00A0C91BC942}") = "Project47", "Project47\Project47.vcxproj", "{DB0E1057-6C7B-4446-AC60-436B4548A3A0}"
EndProject
Project("{8BC9CEB8-8B4A-11D0-8D11-00A0C91BC942}") = "Project48", "Project48\Project48.vcxproj", "{43DC7345-BB33-47F5-8A4C-8C4E2359BE2E}"
EndProject
Project("{8BC9CEB8-8B4A-11D0-8D11-00A0C91BC942}") = "Project49", "Project49\Project49.vcxproj", "{ECD4C434-2495-4E05-94B9-A751E15FD7DC}"
EndProject
Project("{8BC9CEB8-8B4A-11D0-8D11-00A0C91BC942}") = "sgk.185", "sgk.185\sgk.185.vcxproj", "{A01B8A71-10C9-403B-9B2A-361FE344EB53}"
EndProject
Project("{8BC9CEB8-8B4A-11D0-8D11-00A0C91BC942}") = "Project50", "Project50\Project50.vcxproj", "{732264EA-08BE-43E8-97DE-E309279F4034}"
EndProject
Project("{8BC9CEB8-8B4A-11D0-8D11-00A0C91BC942}") = "Project51", "Project51\Project51.vcxproj", "{FEDCF0CE-C4AE-4A49-948C-F245CE168E9E}"
EndProject
Project("{8BC9CEB8-8B4A-11D0-8D11-00A0C91BC942}") = "Project52", "Project52\Project52.vcxproj", "{0A495C5E-A9A5-456A-8992-D9EAB08C2FDC}"
EndProject
Project("{8BC9CEB8-8B4A-11D0-8D11-00A0C91BC942}") = "Project53", "Project53\Project53.vcxproj", "{97FCF269-32CE-4BE8-84EB-99837A3546A0}"
EndProject
Project("{8BC9CEB8-8B4A-11D0-8D11-00A0C91BC942}") = "Project54", "Project54\Project54.vcxproj", "{909C1B8F-4FBF-45AB-B53B-049F655A5217}"
EndProject
Project("{8BC9CEB8-8B4A-11D0-8D11-00A0C91BC942}") = "Project55", "Project55\Project55.vcxproj", "{432B6DDD-90BE-43B1-A338-EEE528FC51B5}"
EndProject
Project("{8BC9CEB8-8B4A-11D0-8D11-00A0C91BC942}") = "Project56", "Project56\Project56.vcxproj", "{531F4457-A4F2-47FE-8C87-206F5D104010}"
EndProject
Project("{8BC9CEB8-8B4A-11D0-8D11-00A0C91BC942}") = "Project57", "Project57\Project57.vcxproj", "{5706FFE4-B02A-4080-B448-C6FBB16CFE39}"
EndProject
Project("{8BC9CEB8-8B4A-11D0-8D11-00A0C91BC942}") = "Project58", "Project58\Project58.vcxproj", "{B030053D-EF65-4004-881E-AC7740CA2D12}"
EndProject
Project("{8BC9CEB8-8B4A-11D0-8D11-00A0C91BC942}") = "Project59", "Project59\Project59.vcxproj", "{0CCE273C-1A06-4401-A191-CA52CE8BB2BC}"
EndProject
Project("{8BC9CEB8-8B4A-11D0-8D11-00A0C91BC942}") = "QuanLySV", "QuanLySV\QuanLySV.vcxproj", "{BF74A1AD-5BAD-4993-A883-F78F720119C9}"
EndProject
Project("{8BC9CEB8-8B4A-11D0-8D11-00A0C91BC942}") = "Project60", "Project60\Project60.vcxproj", "{A5C756A0-AF43-4276-9766-AB54BE19FE6F}"
EndProject
Project("{8BC9CEB8-8B4A-11D0-8D11-00A0C91BC942}") = "Project61", "Project61\Project61.vcxproj", "{77BCDFB0-4A59-4E97-9837-E72B3716E619}"
EndProject
Project("{8BC9CEB8-8B4A-11D0-8D11-00A0C91BC942}") = "Project62", "Project62\Project62.vcxproj", "{0EEBEE2C-C373-4F73-BB3F-386F4A2E6CEE}"
EndProject
Global
	GlobalSection(SolutionConfigurationPlatforms) = preSolution
		Debug|x64 = Debug|x64
		Debug|x86 = Debug|x86
		Release|x64 = Release|x64
		Release|x86 = Release|x86
	EndGlobalSection
	GlobalSection(ProjectConfigurationPlatforms) = postSolution
		{5B080284-F720-4FF6-9C2C-E77B455C051A}.Debug|x64.ActiveCfg = Debug|x64
		{5B080284-F720-4FF6-9C2C-E77B455C051A}.Debug|x64.Build.0 = Debug|x64
		{5B080284-F720-4FF6-9C2C-E77B455C051A}.Debug|x86.ActiveCfg = Debug|Win32
		{5B080284-F720-4FF6-9C2C-E77B455C051A}.Debug|x86.Build.0 = Debug|Win32
		{5B080284-F720-4FF6-9C2C-E77B455C051A}.Release|x64.ActiveCfg = Release|x64
		{5B080284-F720-4FF6-9C2C-E77B455C051A}.Release|x64.Build.0 = Release|x64
		{5B080284-F720-4FF6-9C2C-E77B455C051A}.Release|x86.ActiveCfg = Release|Win32
		{5B080284-F720-4FF6-9C2C-E77B455C051A}.Release|x86.Build.0 = Release|Win32
		{017D7125-E7B1-4EBE-BC8D-26C43FB46E80}.Debug|x64.ActiveCfg = Debug|x64
		{017D7125-E7B1-4EBE-BC8D-26C43FB46E80}.Debug|x64.Build.0 = Debug|x64
		{017D7125-E7B1-4EBE-BC8D-26C43FB46E80}.Debug|x86.ActiveCfg = Debug|Win32
		{017D7125-E7B1-4EBE-BC8D-26C43FB46E80}.Debug|x86.Build.0 = Debug|Win32
		{017D7125-E7B1-4EBE-BC8D-26C43FB46E80}.Release|x64.ActiveCfg = Release|x64
		{017D7125-E7B1-4EBE-BC8D-26C43FB46E80}.Release|x64.Build.0 = Release|x64
		{017D7125-E7B1-4EBE-BC8D-26C43FB46E80}.Release|x86.ActiveCfg = Release|Win32
		{017D7125-E7B1-4EBE-BC8D-26C43FB46E80}.Release|x86.Build.0 = Release|Win32
		{AEC1082F-538C-4E86-97F4-7FB68D3986F2}.Debug|x64.ActiveCfg = Debug|x64
		{AEC1082F-538C-4E86-97F4-7FB68D3986F2}.Debug|x64.Build.0 = Debug|x64
		{AEC1082F-538C-4E86-97F4-7FB68D3986F2}.Debug|x86.ActiveCfg = Debug|Win32
		{AEC1082F-538C-4E86-97F4-7FB68D3986F2}.Debug|x86.Build.0 = Debug|Win32
		{AEC1082F-538C-4E86-97F4-7FB68D3986F2}.Release|x64.ActiveCfg = Release|x64
		{AEC1082F-538C-4E86-97F4-7FB68D3986F2}.Release|x64.Build.0 = Release|x64
		{AEC1082F-538C-4E86-97F4-7FB68D3986F2}.Release|x86.ActiveCfg = Release|Win32
		{AEC1082F-538C-4E86-97F4-7FB68D3986F2}.Release|x86.Build.0 = Release|Win32
		{78917CCE-0554-4332-9FB7-DB2D2B19500C}.Debug|x64.ActiveCfg = Debug|x64
		{78917CCE-0554-4332-9FB7-DB2D2B19500C}.Debug|x64.Build.0 = Debug|x64
		{78917CCE-0554-4332-9FB7-DB2D2B19500C}.Debug|x86.ActiveCfg = Debug|Win32
		{78917CCE-0554-4332-9FB7-DB2D2B19500C}.Debug|x86.Build.0 = Debug|Win32
		{78917CCE-0554-4332-9FB7-DB2D2B19500C}.Release|x64.ActiveCfg = Release|x64
		{78917CCE-0554-4332-9FB7-DB2D2B19500C}.Release|x64.Build.0 = Release|x64
		{78917CCE-0554-4332-9FB7-DB2D2B19500C}.Release|x86.ActiveCfg = Release|Win32
		{78917CCE-0554-4332-9FB7-DB2D2B19500C}.Release|x86.Build.0 = Release|Win32
		{4D84E055-E06D-4887-B537-2FA70E3BD7BE}.Debug|x64.ActiveCfg = Debug|x64
		{4D84E055-E06D-4887-B537-2FA70E3BD7BE}.Debug|x64.Build.0 = Debug|x64
		{4D84E055-E06D-4887-B537-2FA70E3BD7BE}.Debug|x86.ActiveCfg = Debug|Win32
		{4D84E055-E06D-4887-B537-2FA70E3BD7BE}.Debug|x86.Build.0 = Debug|Win32
		{4D84E055-E06D-4887-B537-2FA70E3BD7BE}.Release|x64.ActiveCfg = Release|x64
		{4D84E055-E06D-4887-B537-2FA70E3BD7BE}.Release|x64.Build.0 = Release|x64
		{4D84E055-E06D-4887-B537-2FA70E3BD7BE}.Release|x86.ActiveCfg = Release|Win32
		{4D84E055-E06D-4887-B537-2FA70E3BD7BE}.Release|x86.Build.0 = Release|Win32
		{3C5BB42F-E2EB-4CB8-B015-CE4DB5324065}.Debug|x64.ActiveCfg = Debug|x64
		{3C5BB42F-E2EB-4CB8-B015-CE4DB5324065}.Debug|x64.Build.0 = Debug|x64
		{3C5BB42F-E2EB-4CB8-B015-CE4DB5324065}.Debug|x86.ActiveCfg = Debug|Win32
		{3C5BB42F-E2EB-4CB8-B015-CE4DB5324065}.Debug|x86.Build.0 = Debug|Win32
		{3C5BB42F-E2EB-4CB8-B015-CE4DB5324065}.Release|x64.ActiveCfg = Release|x64
		{3C5BB42F-E2EB-4CB8-B015-CE4DB5324065}.Release|x64.Build.0 = Release|x64
		{3C5BB42F-E2EB-4CB8-B015-CE4DB5324065}.Release|x86.ActiveCfg = Release|Win32
		{3C5BB42F-E2EB-4CB8-B015-CE4DB5324065}.Release|x86.Build.0 = Release|Win32
		{D81FDDB6-3401-4702-88E1-3345FEDDBBB4}.Debug|x64.ActiveCfg = Debug|x64
		{D81FDDB6-3401-4702-88E1-3345FEDDBBB4}.Debug|x64.Build.0 = Debug|x64
		{D81FDDB6-3401-4702-88E1-3345FEDDBBB4}.Debug|x86.ActiveCfg = Debug|Win32
		{D81FDDB6-3401-4702-88E1-3345FEDDBBB4}.Debug|x86.Build.0 = Debug|Win32
		{D81FDDB6-3401-4702-88E1-3345FEDDBBB4}.Release|x64.ActiveCfg = Release|x64
		{D81FDDB6-3401-4702-88E1-3345FEDDBBB4}.Release|x64.Build.0 = Release|x64
		{D81FDDB6-3401-4702-88E1-3345FEDDBBB4}.Release|x86.ActiveCfg = Release|Win32
		{D81FDDB6-3401-4702-88E1-3345FEDDBBB4}.Release|x86.Build.0 = Release|Win32
		{7158E86B-31CD-437C-B74D-A14FCC696488}.Debug|x64.ActiveCfg = Debug|x64
		{7158E86B-31CD-437C-B74D-A14FCC696488}.Debug|x64.Build.0 = Debug|x64
		{7158E86B-31CD-437C-B74D-A14FCC696488}.Debug|x86.ActiveCfg = Debug|Win32
		{7158E86B-31CD-437C-B74D-A14FCC696488}.Debug|x86.Build.0 = Debug|Win32
		{7158E86B-31CD-437C-B74D-A14FCC696488}.Release|x64.ActiveCfg = Release|x64
		{7158E86B-31CD-437C-B74D-A14FCC696488}.Release|x64.Build.0 = Release|x64
		{7158E86B-31CD-437C-B74D-A14FCC696488}.Release|x86.ActiveCfg = Release|Win32
		{7158E86B-31CD-437C-B74D-A14FCC696488}.Release|x86.Build.0 = Release|Win32
		{1C9869D4-E91D-44E7-A41F-CAA5C631CFE4}.Debug|x64.ActiveCfg = Debug|x64
		{1C9869D4-E91D-44E7-A41F-CAA5C631CFE4}.Debug|x64.Build.0 = Debug|x64
		{1C9869D4-E91D-44E7-A41F-CAA5C631CFE4}.Debug|x86.ActiveCfg = Debug|Win32
		{1C9869D4-E91D-44E7-A41F-CAA5C631CFE4}.Debug|x86.Build.0 = Debug|Win32
		{1C9869D4-E91D-44E7-A41F-CAA5C631CFE4}.Release|x64.ActiveCfg = Release|x64
		{1C9869D4-E91D-44E7-A41F-CAA5C631CFE4}.Release|x64.Build.0 = Release|x64
		{1C9869D4-E91D-44E7-A41F-CAA5C631CFE4}.Release|x86.ActiveCfg = Release|Win32
		{1C9869D4-E91D-44E7-A41F-CAA5C631CFE4}.Release|x86.Build.0 = Release|Win32
		{64986301-E442-43CE-8180-8E9D809D8459}.Debug|x64.ActiveCfg = Debug|x64
		{64986301-E442-43CE-8180-8E9D809D8459}.Debug|x64.Build.0 = Debug|x64
		{64986301-E442-43CE-8180-8E9D809D8459}.Debug|x86.ActiveCfg = Debug|Win32
		{64986301-E442-43CE-8180-8E9D809D8459}.Debug|x86.Build.0 = Debug|Win32
		{64986301-E442-43CE-8180-8E9D809D8459}.Release|x64.ActiveCfg = Release|x64
		{64986301-E442-43CE-8180-8E9D809D8459}.Release|x64.Build.0 = Release|x64
		{64986301-E442-43CE-8180-8E9D809D8459}.Release|x86.ActiveCfg = Release|Win32
		{64986301-E442-43CE-8180-8E9D809D8459}.Release|x86.Build.0 = Release|Win32
		{63AB70BB-ABDA-46CF-B23A-9904211CC241}.Debug|x64.ActiveCfg = Debug|x64
		{63AB70BB-ABDA-46CF-B23A-9904211CC241}.Debug|x64.Build.0 = Debug|x64
		{63AB70BB-ABDA-46CF-B23A-9904211CC241}.Debug|x86.ActiveCfg = Debug|Win32
		{63AB70BB-ABDA-46CF-B23A-9904211CC241}.Debug|x86.Build.0 = Debug|Win32
		{63AB70BB-ABDA-46CF-B23A-9904211CC241}.Release|x64.ActiveCfg = Release|x64
		{63AB70BB-ABDA-46CF-B23A-9904211CC241}.Release|x64.Build.0 = Release|x64
		{63AB70BB-ABDA-46CF-B23A-9904211CC241}.Release|x86.ActiveCfg = Release|Win32
		{63AB70BB-ABDA-46CF-B23A-9904211CC241}.Release|x86.Build.0 = Release|Win32
		{B8956D1D-5DB9-4147-9E3A-17C3AC3BF678}.Debug|x64.ActiveCfg = Debug|x64
		{B8956D1D-5DB9-4147-9E3A-17C3AC3BF678}.Debug|x64.Build.0 = Debug|x64
		{B8956D1D-5DB9-4147-9E3A-17C3AC3BF678}.Debug|x86.ActiveCfg = Debug|Win32
		{B8956D1D-5DB9-4147-9E3A-17C3AC3BF678}.Debug|x86.Build.0 = Debug|Win32
		{B8956D1D-5DB9-4147-9E3A-17C3AC3BF678}.Release|x64.ActiveCfg = Release|x64
		{B8956D1D-5DB9-4147-9E3A-17C3AC3BF678}.Release|x64.Build.0 = Release|x64
		{B8956D1D-5DB9-4147-9E3A-17C3AC3BF678}.Release|x86.ActiveCfg = Release|Win32
		{B8956D1D-5DB9-4147-9E3A-17C3AC3BF678}.Release|x86.Build.0 = Release|Win32
		{A65C4523-24F3-4EC4-8ECA-6F9F862CBB3A}.Debug|x64.ActiveCfg = Debug|x64
		{A65C4523-24F3-4EC4-8ECA-6F9F862CBB3A}.Debug|x64.Build.0 = Debug|x64
		{A65C4523-24F3-4EC4-8ECA-6F9F862CBB3A}.Debug|x86.ActiveCfg = Debug|Win32
		{A65C4523-24F3-4EC4-8ECA-6F9F862CBB3A}.Debug|x86.Build.0 = Debug|Win32
		{A65C4523-24F3-4EC4-8ECA-6F9F862CBB3A}.Release|x64.ActiveCfg = Release|x64
		{A65C4523-24F3-4EC4-8ECA-6F9F862CBB3A}.Release|x64.Build.0 = Release|x64
		{A65C4523-24F3-4EC4-8ECA-6F9F862CBB3A}.Release|x86.ActiveCfg = Release|Win32
		{A65C4523-24F3-4EC4-8ECA-6F9F862CBB3A}.Release|x86.Build.0 = Release|Win32
		{AA10A4F7-18AB-4BE0-AE32-37E12939EAD8}.Debug|x64.ActiveCfg = Debug|x64
		{AA10A4F7-18AB-4BE0-AE32-37E12939EAD8}.Debug|x64.Build.0 = Debug|x64
		{AA10A4F7-18AB-4BE0-AE32-37E12939EAD8}.Debug|x86.ActiveCfg = Debug|Win32
		{AA10A4F7-18AB-4BE0-AE32-37E12939EAD8}.Debug|x86.Build.0 = Debug|Win32
		{AA10A4F7-18AB-4BE0-AE32-37E12939EAD8}.Release|x64.ActiveCfg = Release|x64
		{AA10A4F7-18AB-4BE0-AE32-37E12939EAD8}.Release|x64.Build.0 = Release|x64
		{AA10A4F7-18AB-4BE0-AE32-37E12939EAD8}.Release|x86.ActiveCfg = Release|Win32
		{AA10A4F7-18AB-4BE0-AE32-37E12939EAD8}.Release|x86.Build.0 = Release|Win32
		{584C351B-EA03-4E36-80B8-A4AD603576C8}.Debug|x64.ActiveCfg = Debug|x64
		{584C351B-EA03-4E36-80B8-A4AD603576C8}.Debug|x64.Build.0 = Debug|x64
		{584C351B-EA03-4E36-80B8-A4AD603576C8}.Debug|x86.ActiveCfg = Debug|Win32
		{584C351B-EA03-4E36-80B8-A4AD603576C8}.Debug|x86.Build.0 = Debug|Win32
		{584C351B-EA03-4E36-80B8-A4AD603576C8}.Release|x64.ActiveCfg = Release|x64
		{584C351B-EA03-4E36-80B8-A4AD603576C8}.Release|x64.Build.0 = Release|x64
		{584C351B-EA03-4E36-80B8-A4AD603576C8}.Release|x86.ActiveCfg = Release|Win32
		{584C351B-EA03-4E36-80B8-A4AD603576C8}.Release|x86.Build.0 = Release|Win32
		{B4804115-7593-47F3-A69E-7A139AE7AA38}.Debug|x64.ActiveCfg = Debug|x64
		{B4804115-7593-47F3-A69E-7A139AE7AA38}.Debug|x64.Build.0 = Debug|x64
		{B4804115-7593-47F3-A69E-7A139AE7AA38}.Debug|x86.ActiveCfg = Debug|Win32
		{B4804115-7593-47F3-A69E-7A139AE7AA38}.Debug|x86.Build.0 = Debug|Win32
		{B4804115-7593-47F3-A69E-7A139AE7AA38}.Release|x64.ActiveCfg = Release|x64
		{B4804115-7593-47F3-A69E-7A139AE7AA38}.Release|x64.Build.0 = Release|x64
		{B4804115-7593-47F3-A69E-7A139AE7AA38}.Release|x86.ActiveCfg = Release|Win32
		{B4804115-7593-47F3-A69E-7A139AE7AA38}.Release|x86.Build.0 = Release|Win32
		{1A936E2D-B32B-4406-85E9-02AF344B4444}.Debug|x64.ActiveCfg = Debug|x64
		{1A936E2D-B32B-4406-85E9-02AF344B4444}.Debug|x64.Build.0 = Debug|x64
		{1A936E2D-B32B-4406-85E9-02AF344B4444}.Debug|x86.ActiveCfg = Debug|Win32
		{1A936E2D-B32B-4406-85E9-02AF344B4444}.Debug|x86.Build.0 = Debug|Win32
		{1A936E2D-B32B-4406-85E9-02AF344B4444}.Release|x64.ActiveCfg = Release|x64
		{1A936E2D-B32B-4406-85E9-02AF344B4444}.Release|x64.Build.0 = Release|x64
		{1A936E2D-B32B-4406-85E9-02AF344B4444}.Release|x86.ActiveCfg = Release|Win32
		{1A936E2D-B32B-4406-85E9-02AF344B4444}.Release|x86.Build.0 = Release|Win32
		{B2415184-E945-4318-91F4-EDB99B69F941}.Debug|x64.ActiveCfg = Debug|x64
		{B2415184-E945-4318-91F4-EDB99B69F941}.Debug|x64.Build.0 = Debug|x64
		{B2415184-E945-4318-91F4-EDB99B69F941}.Debug|x86.ActiveCfg = Debug|Win32
		{B2415184-E945-4318-91F4-EDB99B69F941}.Debug|x86.Build.0 = Debug|Win32
		{B2415184-E945-4318-91F4-EDB99B69F941}.Release|x64.ActiveCfg = Release|x64
		{B2415184-E945-4318-91F4-EDB99B69F941}.Release|x64.Build.0 = Release|x64
		{B2415184-E945-4318-91F4-EDB99B69F941}.Release|x86.ActiveCfg = Release|Win32
		{B2415184-E945-4318-91F4-EDB99B69F941}.Release|x86.Build.0 = Release|Win32
		{D207545C-BD74-47E5-9386-1DA413313457}.Debug|x64.ActiveCfg = Debug|x64
		{D207545C-BD74-47E5-9386-1DA413313457}.Debug|x64.Build.0 = Debug|x64
		{D207545C-BD74-47E5-9386-1DA413313457}.Debug|x86.ActiveCfg = Debug|Win32
		{D207545C-BD74-47E5-9386-1DA413313457}.Debug|x86.Build.0 = Debug|Win32
		{D207545C-BD74-47E5-9386-1DA413313457}.Release|x64.ActiveCfg = Release|x64
		{D207545C-BD74-47E5-9386-1DA413313457}.Release|x64.Build.0 = Release|x64
		{D207545C-BD74-47E5-9386-1DA413313457}.Release|x86.ActiveCfg = Release|Win32
		{D207545C-BD74-47E5-9386-1DA413313457}.Release|x86.Build.0 = Release|Win32
		{54B3F1B7-7C76-4A06-AE56-6171967CC4D6}.Debug|x64.ActiveCfg = Debug|x64
		{54B3F1B7-7C76-4A06-AE56-6171967CC4D6}.Debug|x64.Build.0 = Debug|x64
		{54B3F1B7-7C76-4A06-AE56-6171967CC4D6}.Debug|x86.ActiveCfg = Debug|Win32
		{54B3F1B7-7C76-4A06-AE56-6171967CC4D6}.Debug|x86.Build.0 = Debug|Win32
		{54B3F1B7-7C76-4A06-AE56-6171967CC4D6}.Release|x64.ActiveCfg = Release|x64
		{54B3F1B7-7C76-4A06-AE56-6171967CC4D6}.Release|x64.Build.0 = Release|x64
		{54B3F1B7-7C76-4A06-AE56-6171967CC4D6}.Release|x86.ActiveCfg = Release|Win32
		{54B3F1B7-7C76-4A06-AE56-6171967CC4D6}.Release|x86.Build.0 = Release|Win32
		{2DE4CC7D-D9B4-429F-AF57-4CE0E960862D}.Debug|x64.ActiveCfg = Debug|x64
		{2DE4CC7D-D9B4-429F-AF57-4CE0E960862D}.Debug|x64.Build.0 = Debug|x64
		{2DE4CC7D-D9B4-429F-AF57-4CE0E960862D}.Debug|x86.ActiveCfg = Debug|Win32
		{2DE4CC7D-D9B4-429F-AF57-4CE0E960862D}.Debug|x86.Build.0 = Debug|Win32
		{2DE4CC7D-D9B4-429F-AF57-4CE0E960862D}.Release|x64.ActiveCfg = Release|x64
		{2DE4CC7D-D9B4-429F-AF57-4CE0E960862D}.Release|x64.Build.0 = Release|x64
		{2DE4CC7D-D9B4-429F-AF57-4CE0E960862D}.Release|x86.ActiveCfg = Release|Win32
		{2DE4CC7D-D9B4-429F-AF57-4CE0E960862D}.Release|x86.Build.0 = Release|Win32
		{6284341B-BC71-495F-A5CD-DE1D54E5DF78}.Debug|x64.ActiveCfg = Debug|x64
		{6284341B-BC71-495F-A5CD-DE1D54E5DF78}.Debug|x64.Build.0 = Debug|x64
		{6284341B-BC71-495F-A5CD-DE1D54E5DF78}.Debug|x86.ActiveCfg = Debug|Win32
		{6284341B-BC71-495F-A5CD-DE1D54E5DF78}.Debug|x86.Build.0 = Debug|Win32
		{6284341B-BC71-495F-A5CD-DE1D54E5DF78}.Release|x64.ActiveCfg = Release|x64
		{6284341B-BC71-495F-A5CD-DE1D54E5DF78}.Release|x64.Build.0 = Release|x64
		{6284341B-BC71-495F-A5CD-DE1D54E5DF78}.Release|x86.ActiveCfg = Release|Win32
		{6284341B-BC71-495F-A5CD-DE1D54E5DF78}.Release|x86.Build.0 = Release|Win32
		{91489D66-01DE-4DFF-8D24-8720FB73CF1E}.Debug|x64.ActiveCfg = Debug|x64
		{91489D66-01DE-4DFF-8D24-8720FB73CF1E}.Debug|x64.Build.0 = Debug|x64
		{91489D66-01DE-4DFF-8D24-8720FB73CF1E}.Debug|x86.ActiveCfg = Debug|Win32
		{91489D66-01DE-4DFF-8D24-8720FB73CF1E}.Debug|x86.Build.0 = Debug|Win32
		{91489D66-01DE-4DFF-8D24-8720FB73CF1E}.Release|x64.ActiveCfg = Release|x64
		{91489D66-01DE-4DFF-8D24-8720FB73CF1E}.Release|x64.Build.0 = Release|x64
		{91489D66-01DE-4DFF-8D24-8720FB73CF1E}.Release|x86.ActiveCfg = Release|Win32
		{91489D66-01DE-4DFF-8D24-8720FB73CF1E}.Release|x86.Build.0 = Release|Win32
		{90ACEA1D-4202-4C02-BBC3-3AF890FE8705}.Debug|x64.ActiveCfg = Debug|x64
		{90ACEA1D-4202-4C02-BBC3-3AF890FE8705}.Debug|x64.Build.0 = Debug|x64
		{90ACEA1D-4202-4C02-BBC3-3AF890FE8705}.Debug|x86.ActiveCfg = Debug|Win32
		{90ACEA1D-4202-4C02-BBC3-3AF890FE8705}.Debug|x86.Build.0 = Debug|Win32
		{90ACEA1D-4202-4C02-BBC3-3AF890FE8705}.Release|x64.ActiveCfg = Release|x64
		{90ACEA1D-4202-4C02-BBC3-3AF890FE8705}.Release|x64.Build.0 = Release|x64
		{90ACEA1D-4202-4C02-BBC3-3AF890FE8705}.Release|x86.ActiveCfg = Release|Win32
		{90ACEA1D-4202-4C02-BBC3-3AF890FE8705}.Release|x86.Build.0 = Release|Win32
		{CA77DCDA-54E6-4810-994E-369276F9E88E}.Debug|x64.ActiveCfg = Debug|x64
		{CA77DCDA-54E6-4810-994E-369276F9E88E}.Debug|x64.Build.0 = Debug|x64
		{CA77DCDA-54E6-4810-994E-369276F9E88E}.Debug|x86.ActiveCfg = Debug|Win32
		{CA77DCDA-54E6-4810-994E-369276F9E88E}.Debug|x86.Build.0 = Debug|Win32
		{CA77DCDA-54E6-4810-994E-369276F9E88E}.Release|x64.ActiveCfg = Release|x64
		{CA77DCDA-54E6-4810-994E-369276F9E88E}.Release|x64.Build.0 = Release|x64
		{CA77DCDA-54E6-4810-994E-369276F9E88E}.Release|x86.ActiveCfg = Release|Win32
		{CA77DCDA-54E6-4810-994E-369276F9E88E}.Release|x86.Build.0 = Release|Win32
		{C741B361-85A3-43FB-B7F6-A02110705FCE}.Debug|x64.ActiveCfg = Debug|x64
		{C741B361-85A3-43FB-B7F6-A02110705FCE}.Debug|x64.Build.0 = Debug|x64
		{C741B361-85A3-43FB-B7F6-A02110705FCE}.Debug|x86.ActiveCfg = Debug|Win32
		{C741B361-85A3-43FB-B7F6-A02110705FCE}.Debug|x86.Build.0 = Debug|Win32
		{C741B361-85A3-43FB-B7F6-A02110705FCE}.Release|x64.ActiveCfg = Release|x64
		{C741B361-85A3-43FB-B7F6-A02110705FCE}.Release|x64.Build.0 = Release|x64
		{C741B361-85A3-43FB-B7F6-A02110705FCE}.Release|x86.ActiveCfg = Release|Win32
		{C741B361-85A3-43FB-B7F6-A02110705FCE}.Release|x86.Build.0 = Release|Win32
		{BBDD3223-DC05-4D56-9A89-4BB72253F64B}.Debug|x64.ActiveCfg = Debug|x64
		{BBDD3223-DC05-4D56-9A89-4BB72253F64B}.Debug|x64.Build.0 = Debug|x64
		{BBDD3223-DC05-4D56-9A89-4BB72253F64B}.Debug|x86.ActiveCfg = Debug|Win32
		{BBDD3223-DC05-4D56-9A89-4BB72253F64B}.Debug|x86.Build.0 = Debug|Win32
		{BBDD3223-DC05-4D56-9A89-4BB72253F64B}.Release|x64.ActiveCfg = Release|x64
		{BBDD3223-DC05-4D56-9A89-4BB72253F64B}.Release|x64.Build.0 = Release|x64
		{BBDD3223-DC05-4D56-9A89-4BB72253F64B}.Release|x86.ActiveCfg = Release|Win32
		{BBDD3223-DC05-4D56-9A89-4BB72253F64B}.Release|x86.Build.0 = Release|Win32
		{DF3EE80B-17F9-448F-8205-8D1417DF9F88}.Debug|x64.ActiveCfg = Debug|x64
		{DF3EE80B-17F9-448F-8205-8D1417DF9F88}.Debug|x64.Build.0 = Debug|x64
		{DF3EE80B-17F9-448F-8205-8D1417DF9F88}.Debug|x86.ActiveCfg = Debug|Win32
		{DF3EE80B-17F9-448F-8205-8D1417DF9F88}.Debug|x86.Build.0 = Debug|Win32
		{DF3EE80B-17F9-448F-8205-8D1417DF9F88}.Release|x64.ActiveCfg = Release|x64
		{DF3EE80B-17F9-448F-8205-8D1417DF9F88}.Release|x64.Build.0 = Release|x64
		{DF3EE80B-17F9-448F-8205-8D1417DF9F88}.Release|x86.ActiveCfg = Release|Win32
		{DF3EE80B-17F9-448F-8205-8D1417DF9F88}.Release|x86.Build.0 = Release|Win32
		{CDC06AE2-7DB7-4EFE-BE6B-2B6185E92B52}.Debug|x64.ActiveCfg = Debug|x64
		{CDC06AE2-7DB7-4EFE-BE6B-2B6185E92B52}.Debug|x64.Build.0 = Debug|x64
		{CDC06AE2-7DB7-4EFE-BE6B-2B6185E92B52}.Debug|x86.ActiveCfg = Debug|Win32
		{CDC06AE2-7DB7-4EFE-BE6B-2B6185E92B52}.Debug|x86.Build.0 = Debug|Win32
		{CDC06AE2-7DB7-4EFE-BE6B-2B6185E92B52}.Release|x64.ActiveCfg = Release|x64
		{CDC06AE2-7DB7-4EFE-BE6B-2B6185E92B52}.Release|x64.Build.0 = Release|x64
		{CDC06AE2-7DB7-4EFE-BE6B-2B6185E92B52}.Release|x86.ActiveCfg = Release|Win32
		{CDC06AE2-7DB7-4EFE-BE6B-2B6185E92B52}.Release|x86.Build.0 = Release|Win32
		{EC56E2C7-CB98-44B4-B1EF-C4FB784022D8}.Debug|x64.ActiveCfg = Debug|x64
		{EC56E2C7-CB98-44B4-B1EF-C4FB784022D8}.Debug|x64.Build.0 = Debug|x64
		{EC56E2C7-CB98-44B4-B1EF-C4FB784022D8}.Debug|x86.ActiveCfg = Debug|Win32
		{EC56E2C7-CB98-44B4-B1EF-C4FB784022D8}.Debug|x86.Build.0 = Debug|Win32
		{EC56E2C7-CB98-44B4-B1EF-C4FB784022D8}.Release|x64.ActiveCfg = Release|x64
		{EC56E2C7-CB98-44B4-B1EF-C4FB784022D8}.Release|x64.Build.0 = Release|x64
		{EC56E2C7-CB98-44B4-B1EF-C4FB784022D8}.Release|x86.ActiveCfg = Release|Win32
		{EC56E2C7-CB98-44B4-B1EF-C4FB784022D8}.Release|x86.Build.0 = Release|Win32
		{7909F8E0-B62D-47F6-B3FE-F9FBC01A0F0B}.Debug|x64.ActiveCfg = Debug|x64
		{7909F8E0-B62D-47F6-B3FE-F9FBC01A0F0B}.Debug|x64.Build.0 = Debug|x64
		{7909F8E0-B62D-47F6-B3FE-F9FBC01A0F0B}.Debug|x86.ActiveCfg = Debug|Win32
		{7909F8E0-B62D-47F6-B3FE-F9FBC01A0F0B}.Debug|x86.Build.0 = Debug|Win32
		{7909F8E0-B62D-47F6-B3FE-F9FBC01A0F0B}.Release|x64.ActiveCfg = Release|x64
		{7909F8E0-B62D-47F6-B3FE-F9FBC01A0F0B}.Release|x64.Build.0 = Release|x64
		{7909F8E0-B62D-47F6-B3FE-F9FBC01A0F0B}.Release|x86.ActiveCfg = Release|Win32
		{7909F8E0-B62D-47F6-B3FE-F9FBC01A0F0B}.Release|x86.Build.0 = Release|Win32
		{939818B0-3DC1-4419-8F9E-D467955571F7}.Debug|x64.ActiveCfg = Debug|x64
		{939818B0-3DC1-4419-8F9E-D467955571F7}.Debug|x64.Build.0 = Debug|x64
		{939818B0-3DC1-4419-8F9E-D467955571F7}.Debug|x86.ActiveCfg = Debug|Win32
		{939818B0-3DC1-4419-8F9E-D467955571F7}.Debug|x86.Build.0 = Debug|Win32
		{939818B0-3DC1-4419-8F9E-D467955571F7}.Release|x64.ActiveCfg = Release|x64
		{939818B0-3DC1-4419-8F9E-D467955571F7}.Release|x64.Build.0 = Release|x64
		{939818B0-3DC1-4419-8F9E-D467955571F7}.Release|x86.ActiveCfg = Release|Win32
		{939818B0-3DC1-4419-8F9E-D467955571F7}.Release|x86.Build.0 = Release|Win32
		{6C81549F-EDFC-4AD0-BEEC-C4BCF7A4D129}.Debug|x64.ActiveCfg = Debug|x64
		{6C81549F-EDFC-4AD0-BEEC-C4BCF7A4D129}.Debug|x64.Build.0 = Debug|x64
		{6C81549F-EDFC-4AD0-BEEC-C4BCF7A4D129}.Debug|x86.ActiveCfg = Debug|Win32
		{6C81549F-EDFC-4AD0-BEEC-C4BCF7A4D129}.Debug|x86.Build.0 = Debug|Win32
		{6C81549F-EDFC-4AD0-BEEC-C4BCF7A4D129}.Release|x64.ActiveCfg = Release|x64
		{6C81549F-EDFC-4AD0-BEEC-C4BCF7A4D129}.Release|x64.Build.0 = Release|x64
		{6C81549F-EDFC-4AD0-BEEC-C4BCF7A4D129}.Release|x86.ActiveCfg = Release|Win32
		{6C81549F-EDFC-4AD0-BEEC-C4BCF7A4D129}.Release|x86.Build.0 = Release|Win32
		{06D34E37-79EC-4149-B548-6087ED5C0B5F}.Debug|x64.ActiveCfg = Debug|x64
		{06D34E37-79EC-4149-B548-6087ED5C0B5F}.Debug|x64.Build.0 = Debug|x64
		{06D34E37-79EC-4149-B548-6087ED5C0B5F}.Debug|x86.ActiveCfg = Debug|Win32
		{06D34E37-79EC-4149-B548-6087ED5C0B5F}.Debug|x86.Build.0 = Debug|Win32
		{06D34E37-79EC-4149-B548-6087ED5C0B5F}.Release|x64.ActiveCfg = Release|x64
		{06D34E37-79EC-4149-B548-6087ED5C0B5F}.Release|x64.Build.0 = Release|x64
		{06D34E37-79EC-4149-B548-6087ED5C0B5F}.Release|x86.ActiveCfg = Release|Win32
		{06D34E37-79EC-4149-B548-6087ED5C0B5F}.Release|x86.Build.0 = Release|Win32
		{034BFF39-4C39-49B2-9CE1-D8DFF666AB17}.Debug|x64.ActiveCfg = Debug|x64
		{034BFF39-4C39-49B2-9CE1-D8DFF666AB17}.Debug|x64.Build.0 = Debug|x64
		{034BFF39-4C39-49B2-9CE1-D8DFF666AB17}.Debug|x86.ActiveCfg = Debug|Win32
		{034BFF39-4C39-49B2-9CE1-D8DFF666AB17}.Debug|x86.Build.0 = Debug|Win32
		{034BFF39-4C39-49B2-9CE1-D8DFF666AB17}.Release|x64.ActiveCfg = Release|x64
		{034BFF39-4C39-49B2-9CE1-D8DFF666AB17}.Release|x64.Build.0 = Release|x64
		{034BFF39-4C39-49B2-9CE1-D8DFF666AB17}.Release|x86.ActiveCfg = Release|Win32
		{034BFF39-4C39-49B2-9CE1-D8DFF666AB17}.Release|x86.Build.0 = Release|Win32
		{FD3B3B42-0F7B-4B21-882B-584A10AD5A31}.Debug|x64.ActiveCfg = Debug|x64
		{FD3B3B42-0F7B-4B21-882B-584A10AD5A31}.Debug|x64.Build.0 = Debug|x64
		{FD3B3B42-0F7B-4B21-882B-584A10AD5A31}.Debug|x86.ActiveCfg = Debug|Win32
		{FD3B3B42-0F7B-4B21-882B-584A10AD5A31}.Debug|x86.Build.0 = Debug|Win32
		{FD3B3B42-0F7B-4B21-882B-584A10AD5A31}.Release|x64.ActiveCfg = Release|x64
		{FD3B3B42-0F7B-4B21-882B-584A10AD5A31}.Release|x64.Build.0 = Release|x64
		{FD3B3B42-0F7B-4B21-882B-584A10AD5A31}.Release|x86.ActiveCfg = Release|Win32
		{FD3B3B42-0F7B-4B21-882B-584A10AD5A31}.Release|x86.Build.0 = Release|Win32
		{D0272E79-AA26-4184-9E62-074F26E20683}.Debug|x64.ActiveCfg = Debug|x64
		{D0272E79-AA26-4184-9E62-074F26E20683}.Debug|x64.Build.0 = Debug|x64
		{D0272E79-AA26-4184-9E62-074F26E20683}.Debug|x86.ActiveCfg = Debug|Win32
		{D0272E79-AA26-4184-9E62-074F26E20683}.Debug|x86.Build.0 = Debug|Win32
		{D0272E79-AA26-4184-9E62-074F26E20683}.Release|x64.ActiveCfg = Release|x64
		{D0272E79-AA26-4184-9E62-074F26E20683}.Release|x64.Build.0 = Release|x64
		{D0272E79-AA26-4184-9E62-074F26E20683}.Release|x86.ActiveCfg = Release|Win32
		{D0272E79-AA26-4184-9E62-074F26E20683}.Release|x86.Build.0 = Release|Win32
		{A84D8C63-DF8C-4F0B-A101-FC68D4158397}.Debug|x64.ActiveCfg = Debug|x64
		{A84D8C63-DF8C-4F0B-A101-FC68D4158397}.Debug|x64.Build.0 = Debug|x64
		{A84D8C63-DF8C-4F0B-A101-FC68D4158397}.Debug|x86.ActiveCfg = Debug|Win32
		{A84D8C63-DF8C-4F0B-A101-FC68D4158397}.Debug|x86.Build.0 = Debug|Win32
		{A84D8C63-DF8C-4F0B-A101-FC68D4158397}.Release|x64.ActiveCfg = Release|x64
		{A84D8C63-DF8C-4F0B-A101-FC68D4158397}.Release|x64.Build.0 = Release|x64
		{A84D8C63-DF8C-4F0B-A101-FC68D4158397}.Release|x86.ActiveCfg = Release|Win32
		{A84D8C63-DF8C-4F0B-A101-FC68D4158397}.Release|x86.Build.0 = Release|Win32
		{8A9BC4C7-3F39-47D5-B90D-69156AE37F58}.Debug|x64.ActiveCfg = Debug|x64
		{8A9BC4C7-3F39-47D5-B90D-69156AE37F58}.Debug|x64.Build.0 = Debug|x64
		{8A9BC4C7-3F39-47D5-B90D-69156AE37F58}.Debug|x86.ActiveCfg = Debug|Win32
		{8A9BC4C7-3F39-47D5-B90D-69156AE37F58}.Debug|x86.Build.0 = Debug|Win32
		{8A9BC4C7-3F39-47D5-B90D-69156AE37F58}.Release|x64.ActiveCfg = Release|x64
		{8A9BC4C7-3F39-47D5-B90D-69156AE37F58}.Release|x64.Build.0 = Release|x64
		{8A9BC4C7-3F39-47D5-B90D-69156AE37F58}.Release|x86.ActiveCfg = Release|Win32
		{8A9BC4C7-3F39-47D5-B90D-69156AE37F58}.Release|x86.Build.0 = Release|Win32
		{91BA907E-4AD3-4CD8-9A29-E674EF69E9CA}.Debug|x64.ActiveCfg = Debug|x64
		{91BA907E-4AD3-4CD8-9A29-E674EF69E9CA}.Debug|x64.Build.0 = Debug|x64
		{91BA907E-4AD3-4CD8-9A29-E674EF69E9CA}.Debug|x86.ActiveCfg = Debug|Win32
		{91BA907E-4AD3-4CD8-9A29-E674EF69E9CA}.Debug|x86.Build.0 = Debug|Win32
		{91BA907E-4AD3-4CD8-9A29-E674EF69E9CA}.Release|x64.ActiveCfg = Release|x64
		{91BA907E-4AD3-4CD8-9A29-E674EF69E9CA}.Release|x64.Build.0 = Release|x64
		{91BA907E-4AD3-4CD8-9A29-E674EF69E9CA}.Release|x86.ActiveCfg = Release|Win32
		{91BA907E-4AD3-4CD8-9A29-E674EF69E9CA}.Release|x86.Build.0 = Release|Win32
		{874C319B-9D23-4B30-AF2C-5D020DDD48D1}.Debug|x64.ActiveCfg = Debug|x64
		{874C319B-9D23-4B30-AF2C-5D020DDD48D1}.Debug|x64.Build.0 = Debug|x64
		{874C319B-9D23-4B30-AF2C-5D020DDD48D1}.Debug|x86.ActiveCfg = Debug|Win32
		{874C319B-9D23-4B30-AF2C-5D020DDD48D1}.Debug|x86.Build.0 = Debug|Win32
		{874C319B-9D23-4B30-AF2C-5D020DDD48D1}.Release|x64.ActiveCfg = Release|x64
		{874C319B-9D23-4B30-AF2C-5D020DDD48D1}.Release|x64.Build.0 = Release|x64
		{874C319B-9D23-4B30-AF2C-5D020DDD48D1}.Release|x86.ActiveCfg = Release|Win32
		{874C319B-9D23-4B30-AF2C-5D020DDD48D1}.Release|x86.Build.0 = Release|Win32
		{0AB2041A-1FC7-4991-A5C3-910A134471DF}.Debug|x64.ActiveCfg = Debug|x64
		{0AB2041A-1FC7-4991-A5C3-910A134471DF}.Debug|x64.Build.0 = Debug|x64
		{0AB2041A-1FC7-4991-A5C3-910A134471DF}.Debug|x86.ActiveCfg = Debug|Win32
		{0AB2041A-1FC7-4991-A5C3-910A134471DF}.Debug|x86.Build.0 = Debug|Win32
		{0AB2041A-1FC7-4991-A5C3-910A134471DF}.Release|x64.ActiveCfg = Release|x64
		{0AB2041A-1FC7-4991-A5C3-910A134471DF}.Release|x64.Build.0 = Release|x64
		{0AB2041A-1FC7-4991-A5C3-910A134471DF}.Release|x86.ActiveCfg = Release|Win32
		{0AB2041A-1FC7-4991-A5C3-910A134471DF}.Release|x86.Build.0 = Release|Win32
		{66FE4167-FFAC-4EDC-8CAA-3BED5E50C170}.Debug|x64.ActiveCfg = Debug|x64
		{66FE4167-FFAC-4EDC-8CAA-3BED5E50C170}.Debug|x64.Build.0 = Debug|x64
		{66FE4167-FFAC-4EDC-8CAA-3BED5E50C170}.Debug|x86.ActiveCfg = Debug|Win32
		{66FE4167-FFAC-4EDC-8CAA-3BED5E50C170}.Debug|x86.Build.0 = Debug|Win32
		{66FE4167-FFAC-4EDC-8CAA-3BED5E50C170}.Release|x64.ActiveCfg = Release|x64
		{66FE4167-FFAC-4EDC-8CAA-3BED5E50C170}.Release|x64.Build.0 = Release|x64
		{66FE4167-FFAC-4EDC-8CAA-3BED5E50C170}.Release|x86.ActiveCfg = Release|Win32
		{66FE4167-FFAC-4EDC-8CAA-3BED5E50C170}.Release|x86.Build.0 = Release|Win32
		{2B64C1C6-FC36-4EC3-B756-0AF87FE5C861}.Debug|x64.ActiveCfg = Debug|x64
		{2B64C1C6-FC36-4EC3-B756-0AF87FE5C861}.Debug|x64.Build.0 = Debug|x64
		{2B64C1C6-FC36-4EC3-B756-0AF87FE5C861}.Debug|x86.ActiveCfg = Debug|Win32
		{2B64C1C6-FC36-4EC3-B756-0AF87FE5C861}.Debug|x86.Build.0 = Debug|Win32
		{2B64C1C6-FC36-4EC3-B756-0AF87FE5C861}.Release|x64.ActiveCfg = Release|x64
		{2B64C1C6-FC36-4EC3-B756-0AF87FE5C861}.Release|x64.Build.0 = Release|x64
		{2B64C1C6-FC36-4EC3-B756-0AF87FE5C861}.Release|x86.ActiveCfg = Release|Win32
		{2B64C1C6-FC36-4EC3-B756-0AF87FE5C861}.Release|x86.Build.0 = Release|Win32
		{AD083D39-6052-4115-B77A-2A9EB67E2E3F}.Debug|x64.ActiveCfg = Debug|x64
		{AD083D39-6052-4115-B77A-2A9EB67E2E3F}.Debug|x64.Build.0 = Debug|x64
		{AD083D39-6052-4115-B77A-2A9EB67E2E3F}.Debug|x86.ActiveCfg = Debug|Win32
		{AD083D39-6052-4115-B77A-2A9EB67E2E3F}.Debug|x86.Build.0 = Debug|Win32
		{AD083D39-6052-4115-B77A-2A9EB67E2E3F}.Release|x64.ActiveCfg = Release|x64
		{AD083D39-6052-4115-B77A-2A9EB67E2E3F}.Release|x64.Build.0 = Release|x64
		{AD083D39-6052-4115-B77A-2A9EB67E2E3F}.Release|x86.ActiveCfg = Release|Win32
		{AD083D39-6052-4115-B77A-2A9EB67E2E3F}.Release|x86.Build.0 = Release|Win32
		{9B6D01CB-4D0C-4332-9BA0-ADE80970FC87}.Debug|x64.ActiveCfg = Debug|x64
		{9B6D01CB-4D0C-4332-9BA0-ADE80970FC87}.Debug|x64.Build.0 = Debug|x64
		{9B6D01CB-4D0C-4332-9BA0-ADE80970FC87}.Debug|x86.ActiveCfg = Debug|Win32
		{9B6D01CB-4D0C-4332-9BA0-ADE80970FC87}.Debug|x86.Build.0 = Debug|Win32
		{9B6D01CB-4D0C-4332-9BA0-ADE80970FC87}.Release|x64.ActiveCfg = Release|x64
		{9B6D01CB-4D0C-4332-9BA0-ADE80970FC87}.Release|x64.Build.0 = Release|x64
		{9B6D01CB-4D0C-4332-9BA0-ADE80970FC87}.Release|x86.ActiveCfg = Release|Win32
		{9B6D01CB-4D0C-4332-9BA0-ADE80970FC87}.Release|x86.Build.0 = Release|Win32
		{7E3C7E84-BB96-4580-BB16-8FE7D5C75725}.Debug|x64.ActiveCfg = Debug|x64
		{7E3C7E84-BB96-4580-BB16-8FE7D5C75725}.Debug|x64.Build.0 = Debug|x64
		{7E3C7E84-BB96-4580-BB16-8FE7D5C75725}.Debug|x86.ActiveCfg = Debug|Win32
		{7E3C7E84-BB96-4580-BB16-8FE7D5C75725}.Debug|x86.Build.0 = Debug|Win32
		{7E3C7E84-BB96-4580-BB16-8FE7D5C75725}.Release|x64.ActiveCfg = Release|x64
		{7E3C7E84-BB96-4580-BB16-8FE7D5C75725}.Release|x64.Build.0 = Release|x64
		{7E3C7E84-BB96-4580-BB16-8FE7D5C75725}.Release|x86.ActiveCfg = Release|Win32
		{7E3C7E84-BB96-4580-BB16-8FE7D5C75725}.Release|x86.Build.0 = Release|Win32
		{5E323CF7-78D9-49A9-B671-0373DF70E489}.Debug|x64.ActiveCfg = Debug|x64
		{5E323CF7-78D9-49A9-B671-0373DF70E489}.Debug|x64.Build.0 = Debug|x64
		{5E323CF7-78D9-49A9-B671-0373DF70E489}.Debug|x86.ActiveCfg = Debug|Win32
		{5E323CF7-78D9-49A9-B671-0373DF70E489}.Debug|x86.Build.0 = Debug|Win32
		{5E323CF7-78D9-49A9-B671-0373DF70E489}.Release|x64.ActiveCfg = Release|x64
		{5E323CF7-78D9-49A9-B671-0373DF70E489}.Release|x64.Build.0 = Release|x64
		{5E323CF7-78D9-49A9-B671-0373DF70E489}.Release|x86.ActiveCfg = Release|Win32
		{5E323CF7-78D9-49A9-B671-0373DF70E489}.Release|x86.Build.0 = Release|Win32
		{DB0E1057-6C7B-4446-AC60-436B4548A3A0}.Debug|x64.ActiveCfg = Debug|x64
		{DB0E1057-6C7B-4446-AC60-436B4548A3A0}.Debug|x64.Build.0 = Debug|x64
		{DB0E1057-6C7B-4446-AC60-436B4548A3A0}.Debug|x86.ActiveCfg = Debug|Win32
		{DB0E1057-6C7B-4446-AC60-436B4548A3A0}.Debug|x86.Build.0 = Debug|Win32
		{DB0E1057-6C7B-4446-AC60-436B4548A3A0}.Release|x64.ActiveCfg = Release|x64
		{DB0E1057-6C7B-4446-AC60-436B4548A3A0}.Release|x64.Build.0 = Release|x64
		{DB0E1057-6C7B-4446-AC60-436B4548A3A0}.Release|x86.ActiveCfg = Release|Win32
		{DB0E1057-6C7B-4446-AC60-436B4548A3A0}.Release|x86.Build.0 = Release|Win32
		{43DC7345-BB33-47F5-8A4C-8C4E2359BE2E}.Debug|x64.ActiveCfg = Debug|x64
		{43DC7345-BB33-47F5-8A4C-8C4E2359BE2E}.Debug|x64.Build.0 = Debug|x64
		{43DC7345-BB33-47F5-8A4C-8C4E2359BE2E}.Debug|x86.ActiveCfg = Debug|Win32
		{43DC7345-BB33-47F5-8A4C-8C4E2359BE2E}.Debug|x86.Build.0 = Debug|Win32
		{43DC7345-BB33-47F5-8A4C-8C4E2359BE2E}.Release|x64.ActiveCfg = Release|x64
		{43DC7345-BB33-47F5-8A4C-8C4E2359BE2E}.Release|x64.Build.0 = Release|x64
		{43DC7345-BB33-47F5-8A4C-8C4E2359BE2E}.Release|x86.ActiveCfg = Release|Win32
		{43DC7345-BB33-47F5-8A4C-8C4E2359BE2E}.Release|x86.Build.0 = Release|Win32
		{ECD4C434-2495-4E05-94B9-A751E15FD7DC}.Debug|x64.ActiveCfg = Debug|x64
		{ECD4C434-2495-4E05-94B9-A751E15FD7DC}.Debug|x64.Build.0 = Debug|x64
		{ECD4C434-2495-4E05-94B9-A751E15FD7DC}.Debug|x86.ActiveCfg = Debug|Win32
		{ECD4C434-2495-4E05-94B9-A751E15FD7DC}.Debug|x86.Build.0 = Debug|Win32
		{ECD4C434-2495-4E05-94B9-A751E15FD7DC}.Release|x64.ActiveCfg = Release|x64
		{ECD4C434-2495-4E05-94B9-A751E15FD7DC}.Release|x64.Build.0 = Release|x64
		{ECD4C434-2495-4E05-94B9-A751E15FD7DC}.Release|x86.ActiveCfg = Release|Win32
		{ECD4C434-2495-4E05-94B9-A751E15FD7DC}.Release|x86.Build.0 = Release|Win32
		{A01B8A71-10C9-403B-9B2A-361FE344EB53}.Debug|x64.ActiveCfg = Debug|x64
		{A01B8A71-10C9-403B-9B2A-361FE344EB53}.Debug|x64.Build.0 = Debug|x64
		{A01B8A71-10C9-403B-9B2A-361FE344EB53}.Debug|x86.ActiveCfg = Debug|Win32
		{A01B8A71-10C9-403B-9B2A-361FE344EB53}.Debug|x86.Build.0 = Debug|Win32
		{A01B8A71-10C9-403B-9B2A-361FE344EB53}.Release|x64.ActiveCfg = Release|x64
		{A01B8A71-10C9-403B-9B2A-361FE344EB53}.Release|x64.Build.0 = Release|x64
		{A01B8A71-10C9-403B-9B2A-361FE344EB53}.Release|x86.ActiveCfg = Release|Win32
		{A01B8A71-10C9-403B-9B2A-361FE344EB53}.Release|x86.Build.0 = Release|Win32
		{732264EA-08BE-43E8-97DE-E309279F4034}.Debug|x64.ActiveCfg = Debug|x64
		{732264EA-08BE-43E8-97DE-E309279F4034}.Debug|x64.Build.0 = Debug|x64
		{732264EA-08BE-43E8-97DE-E309279F4034}.Debug|x86.ActiveCfg = Debug|Win32
		{732264EA-08BE-43E8-97DE-E309279F4034}.Debug|x86.Build.0 = Debug|Win32
		{732264EA-08BE-43E8-97DE-E309279F4034}.Release|x64.ActiveCfg = Release|x64
		{732264EA-08BE-43E8-97DE-E309279F4034}.Release|x64.Build.0 = Release|x64
		{732264EA-08BE-43E8-97DE-E309279F4034}.Release|x86.ActiveCfg = Release|Win32
		{732264EA-08BE-43E8-97DE-E309279F4034}.Release|x86.Build.0 = Release|Win32
		{FEDCF0CE-C4AE-4A49-948C-F245CE168E9E}.Debug|x64.ActiveCfg = Debug|x64
		{FEDCF0CE-C4AE-4A49-948C-F245CE168E9E}.Debug|x64.Build.0 = Debug|x64
		{FEDCF0CE-C4AE-4A49-948C-F245CE168E9E}.Debug|x86.ActiveCfg = Debug|Win32
		{FEDCF0CE-C4AE-4A49-948C-F245CE168E9E}.Debug|x86.Build.0 = Debug|Win32
		{FEDCF0CE-C4AE-4A49-948C-F245CE168E9E}.Release|x64.ActiveCfg = Release|x64
		{FEDCF0CE-C4AE-4A49-948C-F245CE168E9E}.Release|x64.Build.0 = Release|x64
		{FEDCF0CE-C4AE-4A49-948C-F245CE168E9E}.Release|x86.ActiveCfg = Release|Win32
		{FEDCF0CE-C4AE-4A49-948C-F245CE168E9E}.Release|x86.Build.0 = Release|Win32
		{0A495C5E-A9A5-456A-8992-D9EAB08C2FDC}.Debug|x64.ActiveCfg = Debug|x64
		{0A495C5E-A9A5-456A-8992-D9EAB08C2FDC}.Debug|x64.Build.0 = Debug|x64
		{0A495C5E-A9A5-456A-8992-D9EAB08C2FDC}.Debug|x86.ActiveCfg = Debug|Win32
		{0A495C5E-A9A5-456A-8992-D9EAB08C2FDC}.Debug|x86.Build.0 = Debug|Win32
		{0A495C5E-A9A5-456A-8992-D9EAB08C2FDC}.Release|x64.ActiveCfg = Release|x64
		{0A495C5E-A9A5-456A-8992-D9EAB08C2FDC}.Release|x64.Build.0 = Release|x64
		{0A495C5E-A9A5-456A-8992-D9EAB08C2FDC}.Release|x86.ActiveCfg = Release|Win32
		{0A495C5E-A9A5-456A-8992-D9EAB08C2FDC}.Release|x86.Build.0 = Release|Win32
		{97FCF269-32CE-4BE8-84EB-99837A3546A0}.Debug|x64.ActiveCfg = Debug|x64
		{97FCF269-32CE-4BE8-84EB-99837A3546A0}.Debug|x64.Build.0 = Debug|x64
		{97FCF269-32CE-4BE8-84EB-99837A3546A0}.Debug|x86.ActiveCfg = Debug|Win32
		{97FCF269-32CE-4BE8-84EB-99837A3546A0}.Debug|x86.Build.0 = Debug|Win32
		{97FCF269-32CE-4BE8-84EB-99837A3546A0}.Release|x64.ActiveCfg = Release|x64
		{97FCF269-32CE-4BE8-84EB-99837A3546A0}.Release|x64.Build.0 = Release|x64
		{97FCF269-32CE-4BE8-84EB-99837A3546A0}.Release|x86.ActiveCfg = Release|Win32
		{97FCF269-32CE-4BE8-84EB-99837A3546A0}.Release|x86.Build.0 = Release|Win32
		{909C1B8F-4FBF-45AB-B53B-049F655A5217}.Debug|x64.ActiveCfg = Debug|x64
		{909C1B8F-4FBF-45AB-B53B-049F655A5217}.Debug|x64.Build.0 = Debug|x64
		{909C1B8F-4FBF-45AB-B53B-049F655A5217}.Debug|x86.ActiveCfg = Debug|Win32
		{909C1B8F-4FBF-45AB-B53B-049F655A5217}.Debug|x86.Build.0 = Debug|Win32
		{909C1B8F-4FBF-45AB-B53B-049F655A5217}.Release|x64.ActiveCfg = Release|x64
		{909C1B8F-4FBF-45AB-B53B-049F655A5217}.Release|x64.Build.0 = Release|x64
		{909C1B8F-4FBF-45AB-B53B-049F655A5217}.Release|x86.ActiveCfg = Release|Win32
		{909C1B8F-4FBF-45AB-B53B-049F655A5217}.Release|x86.Build.0 = Release|Win32
		{432B6DDD-90BE-43B1-A338-EEE528FC51B5}.Debug|x64.ActiveCfg = Debug|x64
		{432B6DDD-90BE-43B1-A338-EEE528FC51B5}.Debug|x64.Build.0 = Debug|x64
		{432B6DDD-90BE-43B1-A338-EEE528FC51B5}.Debug|x86.ActiveCfg = Debug|Win32
		{432B6DDD-90BE-43B1-A338-EEE528FC51B5}.Debug|x86.Build.0 = Debug|Win32
		{432B6DDD-90BE-43B1-A338-EEE528FC51B5}.Release|x64.ActiveCfg = Release|x64
		{432B6DDD-90BE-43B1-A338-EEE528FC51B5}.Release|x64.Build.0 = Release|x64
		{432B6DDD-90BE-43B1-A338-EEE528FC51B5}.Release|x86.ActiveCfg = Release|Win32
		{432B6DDD-90BE-43B1-A338-EEE528FC51B5}.Release|x86.Build.0 = Release|Win32
		{531F4457-A4F2-47FE-8C87-206F5D104010}.Debug|x64.ActiveCfg = Debug|x64
		{531F4457-A4F2-47FE-8C87-206F5D104010}.Debug|x64.Build.0 = Debug|x64
		{531F4457-A4F2-47FE-8C87-206F5D104010}.Debug|x86.ActiveCfg = Debug|Win32
		{531F4457-A4F2-47FE-8C87-206F5D104010}.Debug|x86.Build.0 = Debug|Win32
		{531F4457-A4F2-47FE-8C87-206F5D104010}.Release|x64.ActiveCfg = Release|x64
		{531F4457-A4F2-47FE-8C87-206F5D104010}.Release|x64.Build.0 = Release|x64
		{531F4457-A4F2-47FE-8C87-206F5D104010}.Release|x86.ActiveCfg = Release|Win32
		{531F4457-A4F2-47FE-8C87-206F5D104010}.Release|x86.Build.0 = Release|Win32
		{5706FFE4-B02A-4080-B448-C6FBB16CFE39}.Debug|x64.ActiveCfg = Debug|x64
		{5706FFE4-B02A-4080-B448-C6FBB16CFE39}.Debug|x64.Build.0 = Debug|x64
		{5706FFE4-B02A-4080-B448-C6FBB16CFE39}.Debug|x86.ActiveCfg = Debug|Win32
		{5706FFE4-B02A-4080-B448-C6FBB16CFE39}.Debug|x86.Build.0 = Debug|Win32
		{5706FFE4-B02A-4080-B448-C6FBB16CFE39}.Release|x64.ActiveCfg = Release|x64
		{5706FFE4-B02A-4080-B448-C6FBB16CFE39}.Release|x64.Build.0 = Release|x64
		{5706FFE4-B02A-4080-B448-C6FBB16CFE39}.Release|x86.ActiveCfg = Release|Win32
		{5706FFE4-B02A-4080-B448-C6FBB16CFE39}.Release|x86.Build.0 = Release|Win32
		{B030053D-EF65-4004-881E-AC7740CA2D12}.Debug|x64.ActiveCfg = Debug|x64
		{B030053D-EF65-4004-881E-AC7740CA2D12}.Debug|x64.Build.0 = Debug|x64
		{B030053D-EF65-4004-881E-AC7740CA2D12}.Debug|x86.ActiveCfg = Debug|Win32
		{B030053D-EF65-4004-881E-AC7740CA2D12}.Debug|x86.Build.0 = Debug|Win32
		{B030053D-EF65-4004-881E-AC7740CA2D12}.Release|x64.ActiveCfg = Release|x64
		{B030053D-EF65-4004-881E-AC7740CA2D12}.Release|x64.Build.0 = Release|x64
		{B030053D-EF65-4004-881E-AC7740CA2D12}.Release|x86.ActiveCfg = Release|Win32
		{B030053D-EF65-4004-881E-AC7740CA2D12}.Release|x86.Build.0 = Release|Win32
		{0CCE273C-1A06-4401-A191-CA52CE8BB2BC}.Debug|x64.ActiveCfg = Debug|x64
		{0CCE273C-1A06-4401-A191-CA52CE8BB2BC}.Debug|x64.Build.0 = Debug|x64
		{0CCE273C-1A06-4401-A191-CA52CE8BB2BC}.Debug|x86.ActiveCfg = Debug|Win32
		{0CCE273C-1A06-4401-A191-CA52CE8BB2BC}.Debug|x86.Build.0 = Debug|Win32
		{0CCE273C-1A06-4401-A191-CA52CE8BB2BC}.Release|x64.ActiveCfg = Release|x64
		{0CCE273C-1A06-4401-A191-CA52CE8BB2BC}.Release|x64.Build.0 = Release|x64
		{0CCE273C-1A06-4401-A191-CA52CE8BB2BC}.Release|x86.ActiveCfg = Release|Win32
		{0CCE273C-1A06-4401-A191-CA52CE8BB2BC}.Release|x86.Build.0 = Release|Win32
		{BF74A1AD-5BAD-4993-A883-F78F720119C9}.Debug|x64.ActiveCfg = Debug|x64
		{BF74A1AD-5BAD-4993-A883-F78F720119C9}.Debug|x64.Build.0 = Debug|x64
		{BF74A1AD-5BAD-4993-A883-F78F720119C9}.Debug|x86.ActiveCfg = Debug|Win32
		{BF74A1AD-5BAD-4993-A883-F78F720119C9}.Debug|x86.Build.0 = Debug|Win32
		{BF74A1AD-5BAD-4993-A883-F78F720119C9}.Release|x64.ActiveCfg = Release|x64
		{BF74A1AD-5BAD-4993-A883-F78F720119C9}.Release|x64.Build.0 = Release|x64
		{BF74A1AD-5BAD-4993-A883-F78F720119C9}.Release|x86.ActiveCfg = Release|Win32
		{BF74A1AD-5BAD-4993-A883-F78F720119C9}.Release|x86.Build.0 = Release|Win32
		{A5C756A0-AF43-4276-9766-AB54BE19FE6F}.Debug|x64.ActiveCfg = Debug|x64
		{A5C756A0-AF43-4276-9766-AB54BE19FE6F}.Debug|x64.Build.0 = Debug|x64
		{A5C756A0-AF43-4276-9766-AB54BE19FE6F}.Debug|x86.ActiveCfg = Debug|Win32
		{A5C756A0-AF43-4276-9766-AB54BE19FE6F}.Debug|x86.Build.0 = Debug|Win32
		{A5C756A0-AF43-4276-9766-AB54BE19FE6F}.Release|x64.ActiveCfg = Release|x64
		{A5C756A0-AF43-4276-9766-AB54BE19FE6F}.Release|x64.Build.0 = Release|x64
		{A5C756A0-AF43-4276-9766-AB54BE19FE6F}.Release|x86.ActiveCfg = Release|Win32
		{A5C756A0-AF43-4276-9766-AB54BE19FE6F}.Release|x86.Build.0 = Release|Win32
		{77BCDFB0-4A59-4E97-9837-E72B3716E619}.Debug|x64.ActiveCfg = Debug|x64
		{77BCDFB0-4A59-4E97-9837-E72B3716E619}.Debug|x64.Build.0 = Debug|x64
		{77BCDFB0-4A59-4E97-9837-E72B3716E619}.Debug|x86.ActiveCfg = Debug|Win32
		{77BCDFB0-4A59-4E97-9837-E72B3716E619}.Debug|x86.Build.0 = Debug|Win32
		{77BCDFB0-4A59-4E97-9837-E72B3716E619}.Release|x64.ActiveCfg = Release|x64
		{77BCDFB0-4A59-4E97-9837-E72B3716E619}.Release|x64.Build.0 = Release|x64
		{77BCDFB0-4A59-4E97-9837-E72B3716E619}.Release|x86.ActiveCfg = Release|Win32
		{77BCDFB0-4A59-4E97-9837-E72B3716E619}.Release|x86.Build.0 = Release|Win32
		{0EEBEE2C-C373-4F73-BB3F-386F4A2E6CEE}.Debug|x64.ActiveCfg = Debug|x64
		{0EEBEE2C-C373-4F73-BB3F-386F4A2E6CEE}.Debug|x64.Build.0 = Debug|x64
		{0EEBEE2C-C373-4F73-BB3F-386F4A2E6CEE}.Debug|x86.ActiveCfg = Debug|Win32
		{0EEBEE2C-C373-4F73-BB3F-386F4A2E6CEE}.Debug|x86.Build.0 = Debug|Win32
		{0EEBEE2C-C373-4F73-BB3F-386F4A2E6CEE}.Release|x64.ActiveCfg = Release|x64
		{0EEBEE2C-C373-4F73-BB3F-386F4A2E6CEE}.Release|x64.Build.0 = Release|x64
		{0EEBEE2C-C373-4F73-BB3F-386F4A2E6CEE}.Release|x86.ActiveCfg = Release|Win32
		{0EEBEE2C-C373-4F73-BB3F-386F4A2E6CEE}.Release|x86.Build.0 = Release|Win32
	EndGlobalSection
	GlobalSection(SolutionProperties) = preSolution
		HideSolutionNode = FALSE
	EndGlobalSection
	GlobalSection(ExtensibilityGlobals) = postSolution
		SolutionGuid = {B6037C46-D7CB-4AE6-8315-F3AA0DA25FC9}
	EndGlobalSection
EndGlobal
